// !$*UTF8*$!
{
	archiveVersion = 1;
	classes = {
	};
	objectVersion = 46;
	objects = {

/* Begin PBXBuildFile section */
		1AC6FB21180E996B004C840B /* libcocos2d Mac.a in Frameworks */ = {isa = PBXBuildFile; fileRef = 1AC6FAF9180E9839004C840B /* libcocos2d Mac.a */; };
		1AC6FB30180E99EB004C840B /* libcocos2d iOS.a in Frameworks */ = {isa = PBXBuildFile; fileRef = 1AC6FB07180E9839004C840B /* libcocos2d iOS.a */; };
		1D60589F0D05DD5A006BFB54 /* Foundation.framework in Frameworks */ = {isa = PBXBuildFile; fileRef = 1D30AB110D05D00D00671497 /* Foundation.framework */; };
		1DF5F4E00D08C38300B7A737 /* UIKit.framework in Frameworks */ = {isa = PBXBuildFile; fileRef = 1DF5F4DF0D08C38300B7A737 /* UIKit.framework */; };
		288765A50DF7441C002DB57D /* CoreGraphics.framework in Frameworks */ = {isa = PBXBuildFile; fileRef = 288765A40DF7441C002DB57D /* CoreGraphics.framework */; };
		3EACC98F19EE6D4300EB3C5E /* res in Resources */ = {isa = PBXBuildFile; fileRef = 3EACC98E19EE6D4300EB3C5E /* res */; };
		3EACC99019EE6D4300EB3C5E /* res in Resources */ = {isa = PBXBuildFile; fileRef = 3EACC98E19EE6D4300EB3C5E /* res */; };
		46880B7B19C43A67006E1F66 /* CloseNormal.png in Resources */ = {isa = PBXBuildFile; fileRef = 46880B7619C43A67006E1F66 /* CloseNormal.png */; };
		46880B7C19C43A67006E1F66 /* CloseNormal.png in Resources */ = {isa = PBXBuildFile; fileRef = 46880B7619C43A67006E1F66 /* CloseNormal.png */; };
		46880B7D19C43A67006E1F66 /* CloseSelected.png in Resources */ = {isa = PBXBuildFile; fileRef = 46880B7719C43A67006E1F66 /* CloseSelected.png */; };
		46880B7E19C43A67006E1F66 /* CloseSelected.png in Resources */ = {isa = PBXBuildFile; fileRef = 46880B7719C43A67006E1F66 /* CloseSelected.png */; };
		46880B8119C43A67006E1F66 /* HelloWorld.png in Resources */ = {isa = PBXBuildFile; fileRef = 46880B7A19C43A67006E1F66 /* HelloWorld.png */; };
		46880B8219C43A67006E1F66 /* HelloWorld.png in Resources */ = {isa = PBXBuildFile; fileRef = 46880B7A19C43A67006E1F66 /* HelloWorld.png */; };
		46880B8819C43A87006E1F66 /* AppDelegate.cpp in Sources */ = {isa = PBXBuildFile; fileRef = 46880B8419C43A87006E1F66 /* AppDelegate.cpp */; };
		46880B8919C43A87006E1F66 /* AppDelegate.cpp in Sources */ = {isa = PBXBuildFile; fileRef = 46880B8419C43A87006E1F66 /* AppDelegate.cpp */; };
		46880B8A19C43A87006E1F66 /* HelloWorldScene.cpp in Sources */ = {isa = PBXBuildFile; fileRef = 46880B8619C43A87006E1F66 /* HelloWorldScene.cpp */; };
		46880B8B19C43A87006E1F66 /* HelloWorldScene.cpp in Sources */ = {isa = PBXBuildFile; fileRef = 46880B8619C43A87006E1F66 /* HelloWorldScene.cpp */; };
		503AE0F817EB97AB00D1A890 /* Icon.icns in Resources */ = {isa = PBXBuildFile; fileRef = 503AE0F617EB97AB00D1A890 /* Icon.icns */; };
		503AE10017EB989F00D1A890 /* AppController.mm in Sources */ = {isa = PBXBuildFile; fileRef = 503AE0FB17EB989F00D1A890 /* AppController.mm */; };
		503AE10117EB989F00D1A890 /* main.m in Sources */ = {isa = PBXBuildFile; fileRef = 503AE0FC17EB989F00D1A890 /* main.m */; };
		503AE10217EB989F00D1A890 /* RootViewController.mm in Sources */ = {isa = PBXBuildFile; fileRef = 503AE0FF17EB989F00D1A890 /* RootViewController.mm */; };
		503AE10517EB98FF00D1A890 /* main.cpp in Sources */ = {isa = PBXBuildFile; fileRef = 503AE10317EB98FF00D1A890 /* main.cpp */; };
		503AE11B17EB9C5A00D1A890 /* IOKit.framework in Frameworks */ = {isa = PBXBuildFile; fileRef = 503AE11A17EB9C5A00D1A890 /* IOKit.framework */; };
		5087E76317EB910900C73F5D /* Foundation.framework in Frameworks */ = {isa = PBXBuildFile; fileRef = 1D30AB110D05D00D00671497 /* Foundation.framework */; };
		5087E76717EB910900C73F5D /* libz.dylib in Frameworks */ = {isa = PBXBuildFile; fileRef = BF170DB412928DE900B8313A /* libz.dylib */; };
		5087E76817EB910900C73F5D /* QuartzCore.framework in Frameworks */ = {isa = PBXBuildFile; fileRef = BF1C47EA1293683800B63C5D /* QuartzCore.framework */; };
		5087E76917EB910900C73F5D /* OpenAL.framework in Frameworks */ = {isa = PBXBuildFile; fileRef = D44C620B132DFF330009C878 /* OpenAL.framework */; };
		5087E76A17EB910900C73F5D /* AVFoundation.framework in Frameworks */ = {isa = PBXBuildFile; fileRef = D44C620D132DFF430009C878 /* AVFoundation.framework */; };
		5087E76B17EB910900C73F5D /* AudioToolbox.framework in Frameworks */ = {isa = PBXBuildFile; fileRef = D44C620F132DFF4E0009C878 /* AudioToolbox.framework */; };
		5087E77D17EB970100C73F5D /* Default-568h@2x.png in Resources */ = {isa = PBXBuildFile; fileRef = 5087E77217EB970100C73F5D /* Default-568h@2x.png */; };
		5087E77E17EB970100C73F5D /* Default.png in Resources */ = {isa = PBXBuildFile; fileRef = 5087E77317EB970100C73F5D /* Default.png */; };
		5087E77F17EB970100C73F5D /* Default@2x.png in Resources */ = {isa = PBXBuildFile; fileRef = 5087E77417EB970100C73F5D /* Default@2x.png */; };
		5087E78017EB970100C73F5D /* Icon-114.png in Resources */ = {isa = PBXBuildFile; fileRef = 5087E77517EB970100C73F5D /* Icon-114.png */; };
		5087E78117EB970100C73F5D /* Icon-120.png in Resources */ = {isa = PBXBuildFile; fileRef = 5087E77617EB970100C73F5D /* Icon-120.png */; };
		5087E78217EB970100C73F5D /* Icon-144.png in Resources */ = {isa = PBXBuildFile; fileRef = 5087E77717EB970100C73F5D /* Icon-144.png */; };
		5087E78317EB970100C73F5D /* Icon-152.png in Resources */ = {isa = PBXBuildFile; fileRef = 5087E77817EB970100C73F5D /* Icon-152.png */; };
		5087E78417EB970100C73F5D /* Icon-57.png in Resources */ = {isa = PBXBuildFile; fileRef = 5087E77917EB970100C73F5D /* Icon-57.png */; };
		5087E78517EB970100C73F5D /* Icon-72.png in Resources */ = {isa = PBXBuildFile; fileRef = 5087E77A17EB970100C73F5D /* Icon-72.png */; };
		5087E78617EB970100C73F5D /* Icon-76.png in Resources */ = {isa = PBXBuildFile; fileRef = 5087E77B17EB970100C73F5D /* Icon-76.png */; };
		5087E78917EB974C00C73F5D /* AppKit.framework in Frameworks */ = {isa = PBXBuildFile; fileRef = 5087E78817EB974C00C73F5D /* AppKit.framework */; };
		5087E78B17EB975400C73F5D /* OpenGL.framework in Frameworks */ = {isa = PBXBuildFile; fileRef = 5087E78A17EB975400C73F5D /* OpenGL.framework */; };
		50EF629617ECD46A001EB2F8 /* Icon-40.png in Resources */ = {isa = PBXBuildFile; fileRef = 50EF629217ECD46A001EB2F8 /* Icon-40.png */; };
		50EF629717ECD46A001EB2F8 /* Icon-58.png in Resources */ = {isa = PBXBuildFile; fileRef = 50EF629317ECD46A001EB2F8 /* Icon-58.png */; };
		50EF629817ECD46A001EB2F8 /* Icon-80.png in Resources */ = {isa = PBXBuildFile; fileRef = 50EF629417ECD46A001EB2F8 /* Icon-80.png */; };
		50EF629917ECD46A001EB2F8 /* Icon-100.png in Resources */ = {isa = PBXBuildFile; fileRef = 50EF629517ECD46A001EB2F8 /* Icon-100.png */; };
		50EF62A217ECD613001EB2F8 /* Icon-29.png in Resources */ = {isa = PBXBuildFile; fileRef = 50EF62A017ECD613001EB2F8 /* Icon-29.png */; };
		50EF62A317ECD613001EB2F8 /* Icon-50.png in Resources */ = {isa = PBXBuildFile; fileRef = 50EF62A117ECD613001EB2F8 /* Icon-50.png */; };
		521A8E6419F0C34300D177D7 /* Default-667h@2x.png in Resources */ = {isa = PBXBuildFile; fileRef = 521A8E6219F0C34300D177D7 /* Default-667h@2x.png */; };
		521A8E6519F0C34300D177D7 /* Default-736h@3x.png in Resources */ = {isa = PBXBuildFile; fileRef = 521A8E6319F0C34300D177D7 /* Default-736h@3x.png */; };
		521A8EA919F11F5000D177D7 /* fonts in Resources */ = {isa = PBXBuildFile; fileRef = 521A8EA819F11F5000D177D7 /* fonts */; };
		521A8EAA19F11F5000D177D7 /* fonts in Resources */ = {isa = PBXBuildFile; fileRef = 521A8EA819F11F5000D177D7 /* fonts */; };
		52B47A471A53D09C004E4C60 /* Security.framework in Frameworks */ = {isa = PBXBuildFile; fileRef = 52B47A461A53D09B004E4C60 /* Security.framework */; };
		9D0FCA0C1B8C1AFA001788EE /* UITaskMetroLayer.cpp in Sources */ = {isa = PBXBuildFile; fileRef = 9D0FCA0A1B8C1AFA001788EE /* UITaskMetroLayer.cpp */; };
		9D29DD6A1B8C3CE900F1EFEE /* TaskMetroChildManager.cpp in Sources */ = {isa = PBXBuildFile; fileRef = 9D29DD681B8C3CE900F1EFEE /* TaskMetroChildManager.cpp */; };
		9D29DD6D1B8C550700F1EFEE /* TaskMetroChild.cpp in Sources */ = {isa = PBXBuildFile; fileRef = 9D29DD6B1B8C550700F1EFEE /* TaskMetroChild.cpp */; };
		9D5F9DCB1B8AF97F00923A15 /* UITaskListLayer.cpp in Sources */ = {isa = PBXBuildFile; fileRef = 9D5F9DC91B8AF97F00923A15 /* UITaskListLayer.cpp */; };
		9DF984331B8D402000818401 /* UITaskInfoLayer.cpp in Sources */ = {isa = PBXBuildFile; fileRef = 9DF984311B8D402000818401 /* UITaskInfoLayer.cpp */; };
		9DF984361B8D4D0B00818401 /* UIModelAddLayer.cpp in Sources */ = {isa = PBXBuildFile; fileRef = 9DF984341B8D4D0B00818401 /* UIModelAddLayer.cpp */; };
		9DF9843A1B8D942D00818401 /* UISpecialInputLayer.cpp in Sources */ = {isa = PBXBuildFile; fileRef = 9DF984381B8D942D00818401 /* UISpecialInputLayer.cpp */; };
		9DF9843D1B8DB9AF00818401 /* UIInput.cpp in Sources */ = {isa = PBXBuildFile; fileRef = 9DF9843B1B8DB9AF00818401 /* UIInput.cpp */; };
		BF171245129291EC00B8313A /* OpenGLES.framework in Frameworks */ = {isa = PBXBuildFile; fileRef = BF170DB012928DE900B8313A /* OpenGLES.framework */; };
		BF1712471292920000B8313A /* libz.dylib in Frameworks */ = {isa = PBXBuildFile; fileRef = BF170DB412928DE900B8313A /* libz.dylib */; };
		BF1C47F01293687400B63C5D /* QuartzCore.framework in Frameworks */ = {isa = PBXBuildFile; fileRef = BF1C47EA1293683800B63C5D /* QuartzCore.framework */; };
		D44C620C132DFF330009C878 /* OpenAL.framework in Frameworks */ = {isa = PBXBuildFile; fileRef = D44C620B132DFF330009C878 /* OpenAL.framework */; };
		D44C620E132DFF430009C878 /* AVFoundation.framework in Frameworks */ = {isa = PBXBuildFile; fileRef = D44C620D132DFF430009C878 /* AVFoundation.framework */; };
		D44C6210132DFF4E0009C878 /* AudioToolbox.framework in Frameworks */ = {isa = PBXBuildFile; fileRef = D44C620F132DFF4E0009C878 /* AudioToolbox.framework */; };
		D6B0611B1803AB670077942B /* CoreMotion.framework in Frameworks */ = {isa = PBXBuildFile; fileRef = D6B0611A1803AB670077942B /* CoreMotion.framework */; };
		EA17FFBA1B7DF13B0011179D /* MetroSpriteManage.cpp in Sources */ = {isa = PBXBuildFile; fileRef = EA17FFB81B7DF13B0011179D /* MetroSpriteManage.cpp */; };
		EA1F705E1B84782900669B9D /* UIMediaLayer.cpp in Sources */ = {isa = PBXBuildFile; fileRef = EA1F705C1B84782900669B9D /* UIMediaLayer.cpp */; };
		EA1F70611B84811A00669B9D /* UIMediaSelectLayer.cpp in Sources */ = {isa = PBXBuildFile; fileRef = EA1F705F1B84811A00669B9D /* UIMediaSelectLayer.cpp */; };
		EA1F70641B84814900669B9D /* UIMediaSelectItemLayer.cpp in Sources */ = {isa = PBXBuildFile; fileRef = EA1F70621B84814900669B9D /* UIMediaSelectItemLayer.cpp */; };
		EA1F70661B84891A00669B9D /* card in Resources */ = {isa = PBXBuildFile; fileRef = EA1F70651B84891A00669B9D /* card */; };
		EA2C159B1B85BC5E001D9ADF /* UIMediaVideoLayer.cpp in Sources */ = {isa = PBXBuildFile; fileRef = EA2C15991B85BC5E001D9ADF /* UIMediaVideoLayer.cpp */; };
		EA2C15A81B85C858001D9ADF /* CrashHelper.cpp in Sources */ = {isa = PBXBuildFile; fileRef = EA2C15A11B85C858001D9ADF /* CrashHelper.cpp */; };
		EA2C15A91B85C858001D9ADF /* CatchCrash.m in Sources */ = {isa = PBXBuildFile; fileRef = EA2C15A51B85C858001D9ADF /* CatchCrash.m */; };
		EA2C15AA1B85C858001D9ADF /* CrashHelper.mm in Sources */ = {isa = PBXBuildFile; fileRef = EA2C15A61B85C858001D9ADF /* CrashHelper.mm */; };
		EA44C31E1B83105200B94A5A /* UIInfoManage.cpp in Sources */ = {isa = PBXBuildFile; fileRef = EA44C31C1B83105200B94A5A /* UIInfoManage.cpp */; };
		EA6805131B80C655008034EE /* MetroTouchManage.cpp in Sources */ = {isa = PBXBuildFile; fileRef = EA6805111B80C655008034EE /* MetroTouchManage.cpp */; };
		EA7882001B8FFC0C009E887F /* UIIncomeMainLayer.cpp in Sources */ = {isa = PBXBuildFile; fileRef = EA7881FE1B8FFC0C009E887F /* UIIncomeMainLayer.cpp */; };
		EA7882031B8FFC4A009E887F /* UIIncomeModelLayer.cpp in Sources */ = {isa = PBXBuildFile; fileRef = EA7882011B8FFC4A009E887F /* UIIncomeModelLayer.cpp */; };
		EA7882061B8FFD1C009E887F /* UIIncomePickLayer.cpp in Sources */ = {isa = PBXBuildFile; fileRef = EA7882041B8FFD1C009E887F /* UIIncomePickLayer.cpp */; };
		EA7882091B8FFD2D009E887F /* UIIncomePickRegLayer.cpp in Sources */ = {isa = PBXBuildFile; fileRef = EA7882071B8FFD2D009E887F /* UIIncomePickRegLayer.cpp */; };
		EA78820E1B900315009E887F /* SingletonBase.cpp in Sources */ = {isa = PBXBuildFile; fileRef = EA78820D1B900315009E887F /* SingletonBase.cpp */; };
		EA7882111B900403009E887F /* UmoInfo.cpp in Sources */ = {isa = PBXBuildFile; fileRef = EA78820F1B900403009E887F /* UmoInfo.cpp */; };
		EA89002C1B86BE440022C278 /* UIBaseTopLayer.cpp in Sources */ = {isa = PBXBuildFile; fileRef = EA89002A1B86BE440022C278 /* UIBaseTopLayer.cpp */; };
		EA8900321B86C03A0022C278 /* UIBaseCenterLayer.cpp in Sources */ = {isa = PBXBuildFile; fileRef = EA8900301B86C03A0022C278 /* UIBaseCenterLayer.cpp */; };
		EA8900351B86C0850022C278 /* UIModelMainLayer.cpp in Sources */ = {isa = PBXBuildFile; fileRef = EA8900331B86C0850022C278 /* UIModelMainLayer.cpp */; };
		EA8900391B86C44C0022C278 /* UIPublishMainLayer.cpp in Sources */ = {isa = PBXBuildFile; fileRef = EA8900371B86C44C0022C278 /* UIPublishMainLayer.cpp */; };
		EA89003E1B86F9E80022C278 /* UIModelListLayer.cpp in Sources */ = {isa = PBXBuildFile; fileRef = EA89003C1B86F9E80022C278 /* UIModelListLayer.cpp */; };
		EA8900411B86F9FA0022C278 /* UIModelInfoLayer.cpp in Sources */ = {isa = PBXBuildFile; fileRef = EA89003F1B86F9FA0022C278 /* UIModelInfoLayer.cpp */; };
		EA8AD1041AEF25C3001B8E39 /* CoinsTo.cpp in Sources */ = {isa = PBXBuildFile; fileRef = EA8AD1021AEF25C3001B8E39 /* CoinsTo.cpp */; };
		EAA48DE31B7DBED50081DC45 /* MetroImageSprite.cpp in Sources */ = {isa = PBXBuildFile; fileRef = EAA48DE11B7DBED50081DC45 /* MetroImageSprite.cpp */; };
		EAA48DE71B7DC5420081DC45 /* Metro in Resources */ = {isa = PBXBuildFile; fileRef = EAA48DE61B7DC5420081DC45 /* Metro */; };
		EAAA544C1B8174A200CDB595 /* MetroNullSprite.cpp in Sources */ = {isa = PBXBuildFile; fileRef = EAAA544A1B8174A200CDB595 /* MetroNullSprite.cpp */; };
		EAAA54511B81B18200CDB595 /* MetroVideoSprite.cpp in Sources */ = {isa = PBXBuildFile; fileRef = EAAA544F1B81B18200CDB595 /* MetroVideoSprite.cpp */; };
		EAAA54531B81B7DF00CDB595 /* MediaPlayer.framework in Frameworks */ = {isa = PBXBuildFile; fileRef = EAAA54521B81B7DF00CDB595 /* MediaPlayer.framework */; };
		EAAA54591B81CBF500CDB595 /* UIMainLayer.cpp in Sources */ = {isa = PBXBuildFile; fileRef = EAAA54571B81CBF500CDB595 /* UIMainLayer.cpp */; };
		EAAA545D1B81D90900CDB595 /* UILogin1Layer.cpp in Sources */ = {isa = PBXBuildFile; fileRef = EAAA545B1B81D90900CDB595 /* UILogin1Layer.cpp */; };
		EAAA54601B81D91800CDB595 /* UIBaseLayer.cpp in Sources */ = {isa = PBXBuildFile; fileRef = EAAA545E1B81D91800CDB595 /* UIBaseLayer.cpp */; };
		EAAA54631B81DAFE00CDB595 /* UILogin2Layer.cpp in Sources */ = {isa = PBXBuildFile; fileRef = EAAA54611B81DAFE00CDB595 /* UILogin2Layer.cpp */; };
		EAAA54661B81DB0700CDB595 /* UILogin3Layer.cpp in Sources */ = {isa = PBXBuildFile; fileRef = EAAA54641B81DB0700CDB595 /* UILogin3Layer.cpp */; };
		EAAA54691B81DB1100CDB595 /* UILogin4Layer.cpp in Sources */ = {isa = PBXBuildFile; fileRef = EAAA54671B81DB1100CDB595 /* UILogin4Layer.cpp */; };
		EAACAE441B7B418C0047CA77 /* libWeChatSDK.a in Frameworks */ = {isa = PBXBuildFile; fileRef = EAACAE411B7B418C0047CA77 /* libWeChatSDK.a */; };
		EAACAE461B7B41BB0047CA77 /* SystemConfiguration.framework in Frameworks */ = {isa = PBXBuildFile; fileRef = EAACAE451B7B41BB0047CA77 /* SystemConfiguration.framework */; };
		EAACAE481B7B41C60047CA77 /* libz.dylib in Frameworks */ = {isa = PBXBuildFile; fileRef = EAACAE471B7B41C60047CA77 /* libz.dylib */; };
		EAACAE4A1B7B41CE0047CA77 /* libsqlite3.0.dylib in Frameworks */ = {isa = PBXBuildFile; fileRef = EAACAE491B7B41CE0047CA77 /* libsqlite3.0.dylib */; };
		EAACAE4C1B7B41D60047CA77 /* libc++.dylib in Frameworks */ = {isa = PBXBuildFile; fileRef = EAACAE4B1B7B41D60047CA77 /* libc++.dylib */; };
		EAACAE541B7B45050047CA77 /* ShareHelper.cpp in Sources */ = {isa = PBXBuildFile; fileRef = EAACAE521B7B45050047CA77 /* ShareHelper.cpp */; };
		EAB4D8501B7C404E00C1B093 /* JsonHelper.cpp in Sources */ = {isa = PBXBuildFile; fileRef = EAB4D84E1B7C404E00C1B093 /* JsonHelper.cpp */; };
		EAB4D8531B7C77DC00C1B093 /* logo_sinaweibo.png in Resources */ = {isa = PBXBuildFile; fileRef = EAB4D8511B7C77DC00C1B093 /* logo_sinaweibo.png */; };
		EAB4D8541B7C77DC00C1B093 /* logo_wechat.png in Resources */ = {isa = PBXBuildFile; fileRef = EAB4D8521B7C77DC00C1B093 /* logo_wechat.png */; };
		EAB4D8571B7C898100C1B093 /* ShareHelper.mm in Sources */ = {isa = PBXBuildFile; fileRef = EAB4D8561B7C898100C1B093 /* ShareHelper.mm */; };
		EAB9E2841B7CDC3C005370B7 /* CocosHelper.cpp in Sources */ = {isa = PBXBuildFile; fileRef = EAB9E2821B7CDC3C005370B7 /* CocosHelper.cpp */; };
		EAB9E2871B7CDD26005370B7 /* MetroMainLayer.cpp in Sources */ = {isa = PBXBuildFile; fileRef = EAB9E2851B7CDD26005370B7 /* MetroMainLayer.cpp */; };
		EAB9E28B1B7CE65E005370B7 /* XHelper.cpp in Sources */ = {isa = PBXBuildFile; fileRef = EAB9E2891B7CE65E005370B7 /* XHelper.cpp */; };
		EAB9E28E1B7CE898005370B7 /* BaseLayer.cpp in Sources */ = {isa = PBXBuildFile; fileRef = EAB9E28C1B7CE898005370B7 /* BaseLayer.cpp */; };
		EAB9E2911B7CE921005370B7 /* BaseMetroSprite.cpp in Sources */ = {isa = PBXBuildFile; fileRef = EAB9E28F1B7CE921005370B7 /* BaseMetroSprite.cpp */; };
		EAB9E2961B7CF74F005370B7 /* MetroTextSprite.cpp in Sources */ = {isa = PBXBuildFile; fileRef = EAB9E2941B7CF74F005370B7 /* MetroTextSprite.cpp */; };
		EADA70991B496B5E002878AA /* CTestDrawLayer.cpp in Sources */ = {isa = PBXBuildFile; fileRef = EADA70971B496B5E002878AA /* CTestDrawLayer.cpp */; };
/* End PBXBuildFile section */

/* Begin PBXContainerItemProxy section */
		1AC6FAF8180E9839004C840B /* PBXContainerItemProxy */ = {
			isa = PBXContainerItemProxy;
			containerPortal = 1AC6FAE5180E9839004C840B /* cocos2d_libs.xcodeproj */;
			proxyType = 2;
			remoteGlobalIDString = 1551A33F158F2AB200E66CFE;
			remoteInfo = "cocos2dx Mac";
		};
		1AC6FB06180E9839004C840B /* PBXContainerItemProxy */ = {
			isa = PBXContainerItemProxy;
			containerPortal = 1AC6FAE5180E9839004C840B /* cocos2d_libs.xcodeproj */;
			proxyType = 2;
			remoteGlobalIDString = A07A4D641783777C0073F6A7;
			remoteInfo = "cocos2dx iOS";
		};
		1AC6FB15180E9959004C840B /* PBXContainerItemProxy */ = {
			isa = PBXContainerItemProxy;
			containerPortal = 1AC6FAE5180E9839004C840B /* cocos2d_libs.xcodeproj */;
			proxyType = 1;
			remoteGlobalIDString = 1551A33E158F2AB200E66CFE;
			remoteInfo = "cocos2dx Mac";
		};
		1AC6FB24180E99E1004C840B /* PBXContainerItemProxy */ = {
			isa = PBXContainerItemProxy;
			containerPortal = 1AC6FAE5180E9839004C840B /* cocos2d_libs.xcodeproj */;
			proxyType = 1;
			remoteGlobalIDString = A07A4C241783777C0073F6A7;
			remoteInfo = "cocos2dx iOS";
		};
/* End PBXContainerItemProxy section */

/* Begin PBXFileReference section */
		1AC6FAE5180E9839004C840B /* cocos2d_libs.xcodeproj */ = {isa = PBXFileReference; lastKnownFileType = "wrapper.pb-project"; name = cocos2d_libs.xcodeproj; path = ../cocos2d/build/cocos2d_libs.xcodeproj; sourceTree = "<group>"; };
		1ACB3243164770DE00914215 /* libcurl.a */ = {isa = PBXFileReference; lastKnownFileType = archive.ar; name = libcurl.a; path = ../../cocos2dx/platform/third_party/ios/libraries/libcurl.a; sourceTree = "<group>"; };
		1D30AB110D05D00D00671497 /* Foundation.framework */ = {isa = PBXFileReference; lastKnownFileType = wrapper.framework; name = Foundation.framework; path = System/Library/Frameworks/Foundation.framework; sourceTree = SDKROOT; };
		1D6058910D05DD3D006BFB54 /* SzMjMobile iOS.app */ = {isa = PBXFileReference; explicitFileType = wrapper.application; includeInIndex = 0; path = "SzMjMobile iOS.app"; sourceTree = BUILT_PRODUCTS_DIR; };
		1DF5F4DF0D08C38300B7A737 /* UIKit.framework */ = {isa = PBXFileReference; lastKnownFileType = wrapper.framework; name = UIKit.framework; path = System/Library/Frameworks/UIKit.framework; sourceTree = SDKROOT; };
		288765A40DF7441C002DB57D /* CoreGraphics.framework */ = {isa = PBXFileReference; lastKnownFileType = wrapper.framework; name = CoreGraphics.framework; path = System/Library/Frameworks/CoreGraphics.framework; sourceTree = SDKROOT; };
		3EACC98E19EE6D4300EB3C5E /* res */ = {isa = PBXFileReference; lastKnownFileType = folder; path = res; sourceTree = "<group>"; };
		46880B7619C43A67006E1F66 /* CloseNormal.png */ = {isa = PBXFileReference; lastKnownFileType = image.png; path = CloseNormal.png; sourceTree = "<group>"; };
		46880B7719C43A67006E1F66 /* CloseSelected.png */ = {isa = PBXFileReference; lastKnownFileType = image.png; path = CloseSelected.png; sourceTree = "<group>"; };
		46880B7A19C43A67006E1F66 /* HelloWorld.png */ = {isa = PBXFileReference; lastKnownFileType = image.png; path = HelloWorld.png; sourceTree = "<group>"; };
		46880B8419C43A87006E1F66 /* AppDelegate.cpp */ = {isa = PBXFileReference; fileEncoding = 4; lastKnownFileType = sourcecode.cpp.cpp; path = AppDelegate.cpp; sourceTree = "<group>"; };
		46880B8519C43A87006E1F66 /* AppDelegate.h */ = {isa = PBXFileReference; fileEncoding = 4; lastKnownFileType = sourcecode.c.h; path = AppDelegate.h; sourceTree = "<group>"; };
		46880B8619C43A87006E1F66 /* HelloWorldScene.cpp */ = {isa = PBXFileReference; fileEncoding = 4; lastKnownFileType = sourcecode.cpp.cpp; path = HelloWorldScene.cpp; sourceTree = "<group>"; };
		46880B8719C43A87006E1F66 /* HelloWorldScene.h */ = {isa = PBXFileReference; fileEncoding = 4; lastKnownFileType = sourcecode.c.h; path = HelloWorldScene.h; sourceTree = "<group>"; };
		503AE0F617EB97AB00D1A890 /* Icon.icns */ = {isa = PBXFileReference; lastKnownFileType = image.icns; path = Icon.icns; sourceTree = "<group>"; };
		503AE0F717EB97AB00D1A890 /* Info.plist */ = {isa = PBXFileReference; fileEncoding = 4; lastKnownFileType = text.plist.xml; path = Info.plist; sourceTree = "<group>"; };
		503AE0FA17EB989F00D1A890 /* AppController.h */ = {isa = PBXFileReference; fileEncoding = 4; lastKnownFileType = sourcecode.c.h; name = AppController.h; path = ios/AppController.h; sourceTree = SOURCE_ROOT; };
		503AE0FB17EB989F00D1A890 /* AppController.mm */ = {isa = PBXFileReference; fileEncoding = 4; lastKnownFileType = sourcecode.cpp.objcpp; name = AppController.mm; path = ios/AppController.mm; sourceTree = SOURCE_ROOT; };
		503AE0FC17EB989F00D1A890 /* main.m */ = {isa = PBXFileReference; fileEncoding = 4; lastKnownFileType = sourcecode.c.objc; name = main.m; path = ios/main.m; sourceTree = SOURCE_ROOT; };
		503AE0FD17EB989F00D1A890 /* Prefix.pch */ = {isa = PBXFileReference; fileEncoding = 4; lastKnownFileType = sourcecode.c.h; name = Prefix.pch; path = ios/Prefix.pch; sourceTree = SOURCE_ROOT; };
		503AE0FE17EB989F00D1A890 /* RootViewController.h */ = {isa = PBXFileReference; fileEncoding = 4; lastKnownFileType = sourcecode.c.h; name = RootViewController.h; path = ios/RootViewController.h; sourceTree = SOURCE_ROOT; };
		503AE0FF17EB989F00D1A890 /* RootViewController.mm */ = {isa = PBXFileReference; fileEncoding = 4; lastKnownFileType = sourcecode.cpp.objcpp; name = RootViewController.mm; path = ios/RootViewController.mm; sourceTree = SOURCE_ROOT; };
		503AE10317EB98FF00D1A890 /* main.cpp */ = {isa = PBXFileReference; fileEncoding = 4; lastKnownFileType = sourcecode.cpp.cpp; name = main.cpp; path = mac/main.cpp; sourceTree = "<group>"; };
		503AE10417EB98FF00D1A890 /* Prefix.pch */ = {isa = PBXFileReference; fileEncoding = 4; lastKnownFileType = sourcecode.c.h; name = Prefix.pch; path = mac/Prefix.pch; sourceTree = "<group>"; };
		503AE11117EB99EE00D1A890 /* libcurl.dylib */ = {isa = PBXFileReference; lastKnownFileType = "compiled.mach-o.dylib"; name = libcurl.dylib; path = usr/lib/libcurl.dylib; sourceTree = SDKROOT; };
		503AE11A17EB9C5A00D1A890 /* IOKit.framework */ = {isa = PBXFileReference; lastKnownFileType = wrapper.framework; name = IOKit.framework; path = System/Library/Frameworks/IOKit.framework; sourceTree = SDKROOT; };
		5087E76F17EB910900C73F5D /* SzMjMobile Mac.app */ = {isa = PBXFileReference; explicitFileType = wrapper.application; includeInIndex = 0; path = "SzMjMobile Mac.app"; sourceTree = BUILT_PRODUCTS_DIR; };
		5087E77217EB970100C73F5D /* Default-568h@2x.png */ = {isa = PBXFileReference; lastKnownFileType = image.png; path = "Default-568h@2x.png"; sourceTree = "<group>"; };
		5087E77317EB970100C73F5D /* Default.png */ = {isa = PBXFileReference; lastKnownFileType = image.png; path = Default.png; sourceTree = "<group>"; };
		5087E77417EB970100C73F5D /* Default@2x.png */ = {isa = PBXFileReference; lastKnownFileType = image.png; path = "Default@2x.png"; sourceTree = "<group>"; };
		5087E77517EB970100C73F5D /* Icon-114.png */ = {isa = PBXFileReference; lastKnownFileType = image.png; path = "Icon-114.png"; sourceTree = "<group>"; };
		5087E77617EB970100C73F5D /* Icon-120.png */ = {isa = PBXFileReference; lastKnownFileType = image.png; path = "Icon-120.png"; sourceTree = "<group>"; };
		5087E77717EB970100C73F5D /* Icon-144.png */ = {isa = PBXFileReference; lastKnownFileType = image.png; path = "Icon-144.png"; sourceTree = "<group>"; };
		5087E77817EB970100C73F5D /* Icon-152.png */ = {isa = PBXFileReference; lastKnownFileType = image.png; path = "Icon-152.png"; sourceTree = "<group>"; };
		5087E77917EB970100C73F5D /* Icon-57.png */ = {isa = PBXFileReference; lastKnownFileType = image.png; path = "Icon-57.png"; sourceTree = "<group>"; };
		5087E77A17EB970100C73F5D /* Icon-72.png */ = {isa = PBXFileReference; lastKnownFileType = image.png; path = "Icon-72.png"; sourceTree = "<group>"; };
		5087E77B17EB970100C73F5D /* Icon-76.png */ = {isa = PBXFileReference; lastKnownFileType = image.png; path = "Icon-76.png"; sourceTree = "<group>"; };
		5087E77C17EB970100C73F5D /* Info.plist */ = {isa = PBXFileReference; fileEncoding = 4; lastKnownFileType = text.plist.xml; path = Info.plist; sourceTree = "<group>"; };
		5087E78817EB974C00C73F5D /* AppKit.framework */ = {isa = PBXFileReference; lastKnownFileType = wrapper.framework; name = AppKit.framework; path = System/Library/Frameworks/AppKit.framework; sourceTree = SDKROOT; };
		5087E78A17EB975400C73F5D /* OpenGL.framework */ = {isa = PBXFileReference; lastKnownFileType = wrapper.framework; name = OpenGL.framework; path = System/Library/Frameworks/OpenGL.framework; sourceTree = SDKROOT; };
		50EF629217ECD46A001EB2F8 /* Icon-40.png */ = {isa = PBXFileReference; lastKnownFileType = image.png; path = "Icon-40.png"; sourceTree = "<group>"; };
		50EF629317ECD46A001EB2F8 /* Icon-58.png */ = {isa = PBXFileReference; lastKnownFileType = image.png; path = "Icon-58.png"; sourceTree = "<group>"; };
		50EF629417ECD46A001EB2F8 /* Icon-80.png */ = {isa = PBXFileReference; lastKnownFileType = image.png; path = "Icon-80.png"; sourceTree = "<group>"; };
		50EF629517ECD46A001EB2F8 /* Icon-100.png */ = {isa = PBXFileReference; lastKnownFileType = image.png; path = "Icon-100.png"; sourceTree = "<group>"; };
		50EF62A017ECD613001EB2F8 /* Icon-29.png */ = {isa = PBXFileReference; lastKnownFileType = image.png; path = "Icon-29.png"; sourceTree = "<group>"; };
		50EF62A117ECD613001EB2F8 /* Icon-50.png */ = {isa = PBXFileReference; lastKnownFileType = image.png; path = "Icon-50.png"; sourceTree = "<group>"; };
		521A8E6219F0C34300D177D7 /* Default-667h@2x.png */ = {isa = PBXFileReference; lastKnownFileType = image.png; path = "Default-667h@2x.png"; sourceTree = "<group>"; };
		521A8E6319F0C34300D177D7 /* Default-736h@3x.png */ = {isa = PBXFileReference; lastKnownFileType = image.png; path = "Default-736h@3x.png"; sourceTree = "<group>"; };
		521A8EA819F11F5000D177D7 /* fonts */ = {isa = PBXFileReference; lastKnownFileType = folder; path = fonts; sourceTree = "<group>"; };
		52B47A461A53D09B004E4C60 /* Security.framework */ = {isa = PBXFileReference; lastKnownFileType = wrapper.framework; name = Security.framework; path = Platforms/iPhoneOS.platform/Developer/SDKs/iPhoneOS8.1.sdk/System/Library/Frameworks/Security.framework; sourceTree = DEVELOPER_DIR; };
		9D0FCA0A1B8C1AFA001788EE /* UITaskMetroLayer.cpp */ = {isa = PBXFileReference; fileEncoding = 4; lastKnownFileType = sourcecode.cpp.cpp; path = UITaskMetroLayer.cpp; sourceTree = "<group>"; };
		9D0FCA0B1B8C1AFA001788EE /* UITaskMetroLayer.h */ = {isa = PBXFileReference; fileEncoding = 4; lastKnownFileType = sourcecode.c.h; path = UITaskMetroLayer.h; sourceTree = "<group>"; };
		9D29DD681B8C3CE900F1EFEE /* TaskMetroChildManager.cpp */ = {isa = PBXFileReference; fileEncoding = 4; lastKnownFileType = sourcecode.cpp.cpp; path = TaskMetroChildManager.cpp; sourceTree = "<group>"; };
		9D29DD691B8C3CE900F1EFEE /* TaskMetroChildManager.h */ = {isa = PBXFileReference; fileEncoding = 4; lastKnownFileType = sourcecode.c.h; path = TaskMetroChildManager.h; sourceTree = "<group>"; };
		9D29DD6B1B8C550700F1EFEE /* TaskMetroChild.cpp */ = {isa = PBXFileReference; fileEncoding = 4; lastKnownFileType = sourcecode.cpp.cpp; path = TaskMetroChild.cpp; sourceTree = "<group>"; };
		9D29DD6C1B8C550700F1EFEE /* TaskMetroChild.h */ = {isa = PBXFileReference; fileEncoding = 4; lastKnownFileType = sourcecode.c.h; path = TaskMetroChild.h; sourceTree = "<group>"; };
		9D5F9DC91B8AF97F00923A15 /* UITaskListLayer.cpp */ = {isa = PBXFileReference; fileEncoding = 4; lastKnownFileType = sourcecode.cpp.cpp; path = UITaskListLayer.cpp; sourceTree = "<group>"; };
		9D5F9DCA1B8AF97F00923A15 /* UITaskListLayer.h */ = {isa = PBXFileReference; fileEncoding = 4; lastKnownFileType = sourcecode.c.h; path = UITaskListLayer.h; sourceTree = "<group>"; };
		9DF984311B8D402000818401 /* UITaskInfoLayer.cpp */ = {isa = PBXFileReference; fileEncoding = 4; lastKnownFileType = sourcecode.cpp.cpp; path = UITaskInfoLayer.cpp; sourceTree = "<group>"; };
		9DF984321B8D402000818401 /* UITaskInfoLayer.h */ = {isa = PBXFileReference; fileEncoding = 4; lastKnownFileType = sourcecode.c.h; path = UITaskInfoLayer.h; sourceTree = "<group>"; };
		9DF984341B8D4D0B00818401 /* UIModelAddLayer.cpp */ = {isa = PBXFileReference; fileEncoding = 4; lastKnownFileType = sourcecode.cpp.cpp; path = UIModelAddLayer.cpp; sourceTree = "<group>"; };
		9DF984351B8D4D0B00818401 /* UIModelAddLayer.h */ = {isa = PBXFileReference; fileEncoding = 4; lastKnownFileType = sourcecode.c.h; path = UIModelAddLayer.h; sourceTree = "<group>"; };
		9DF984381B8D942D00818401 /* UISpecialInputLayer.cpp */ = {isa = PBXFileReference; fileEncoding = 4; lastKnownFileType = sourcecode.cpp.cpp; path = UISpecialInputLayer.cpp; sourceTree = "<group>"; };
		9DF984391B8D942D00818401 /* UISpecialInputLayer.h */ = {isa = PBXFileReference; fileEncoding = 4; lastKnownFileType = sourcecode.c.h; path = UISpecialInputLayer.h; sourceTree = "<group>"; };
		9DF9843B1B8DB9AF00818401 /* UIInput.cpp */ = {isa = PBXFileReference; fileEncoding = 4; lastKnownFileType = sourcecode.cpp.cpp; path = UIInput.cpp; sourceTree = "<group>"; };
		9DF9843C1B8DB9AF00818401 /* UIInput.h */ = {isa = PBXFileReference; fileEncoding = 4; lastKnownFileType = sourcecode.c.h; path = UIInput.h; sourceTree = "<group>"; };
		BF170DB012928DE900B8313A /* OpenGLES.framework */ = {isa = PBXFileReference; lastKnownFileType = wrapper.framework; name = OpenGLES.framework; path = System/Library/Frameworks/OpenGLES.framework; sourceTree = SDKROOT; };
		BF170DB412928DE900B8313A /* libz.dylib */ = {isa = PBXFileReference; lastKnownFileType = "compiled.mach-o.dylib"; name = libz.dylib; path = usr/lib/libz.dylib; sourceTree = SDKROOT; };
		BF1C47EA1293683800B63C5D /* QuartzCore.framework */ = {isa = PBXFileReference; lastKnownFileType = wrapper.framework; name = QuartzCore.framework; path = System/Library/Frameworks/QuartzCore.framework; sourceTree = SDKROOT; };
		D44C620B132DFF330009C878 /* OpenAL.framework */ = {isa = PBXFileReference; lastKnownFileType = wrapper.framework; name = OpenAL.framework; path = System/Library/Frameworks/OpenAL.framework; sourceTree = SDKROOT; };
		D44C620D132DFF430009C878 /* AVFoundation.framework */ = {isa = PBXFileReference; lastKnownFileType = wrapper.framework; name = AVFoundation.framework; path = System/Library/Frameworks/AVFoundation.framework; sourceTree = SDKROOT; };
		D44C620F132DFF4E0009C878 /* AudioToolbox.framework */ = {isa = PBXFileReference; lastKnownFileType = wrapper.framework; name = AudioToolbox.framework; path = System/Library/Frameworks/AudioToolbox.framework; sourceTree = SDKROOT; };
		D6B0611A1803AB670077942B /* CoreMotion.framework */ = {isa = PBXFileReference; lastKnownFileType = wrapper.framework; name = CoreMotion.framework; path = Platforms/iPhoneOS.platform/Developer/SDKs/iPhoneOS7.0.sdk/System/Library/Frameworks/CoreMotion.framework; sourceTree = DEVELOPER_DIR; };
		EA17FFB81B7DF13B0011179D /* MetroSpriteManage.cpp */ = {isa = PBXFileReference; fileEncoding = 4; lastKnownFileType = sourcecode.cpp.cpp; path = MetroSpriteManage.cpp; sourceTree = "<group>"; };
		EA17FFB91B7DF13B0011179D /* MetroSpriteManage.h */ = {isa = PBXFileReference; fileEncoding = 4; lastKnownFileType = sourcecode.c.h; path = MetroSpriteManage.h; sourceTree = "<group>"; };
		EA1F705C1B84782900669B9D /* UIMediaLayer.cpp */ = {isa = PBXFileReference; fileEncoding = 4; lastKnownFileType = sourcecode.cpp.cpp; path = UIMediaLayer.cpp; sourceTree = "<group>"; };
		EA1F705D1B84782900669B9D /* UIMediaLayer.h */ = {isa = PBXFileReference; fileEncoding = 4; lastKnownFileType = sourcecode.c.h; path = UIMediaLayer.h; sourceTree = "<group>"; };
		EA1F705F1B84811A00669B9D /* UIMediaSelectLayer.cpp */ = {isa = PBXFileReference; fileEncoding = 4; lastKnownFileType = sourcecode.cpp.cpp; path = UIMediaSelectLayer.cpp; sourceTree = "<group>"; };
		EA1F70601B84811A00669B9D /* UIMediaSelectLayer.h */ = {isa = PBXFileReference; fileEncoding = 4; lastKnownFileType = sourcecode.c.h; path = UIMediaSelectLayer.h; sourceTree = "<group>"; };
		EA1F70621B84814900669B9D /* UIMediaSelectItemLayer.cpp */ = {isa = PBXFileReference; fileEncoding = 4; lastKnownFileType = sourcecode.cpp.cpp; path = UIMediaSelectItemLayer.cpp; sourceTree = "<group>"; };
		EA1F70631B84814900669B9D /* UIMediaSelectItemLayer.h */ = {isa = PBXFileReference; fileEncoding = 4; lastKnownFileType = sourcecode.c.h; path = UIMediaSelectItemLayer.h; sourceTree = "<group>"; };
		EA1F70651B84891A00669B9D /* card */ = {isa = PBXFileReference; lastKnownFileType = folder; path = card; sourceTree = "<group>"; };
		EA2C15991B85BC5E001D9ADF /* UIMediaVideoLayer.cpp */ = {isa = PBXFileReference; fileEncoding = 4; lastKnownFileType = sourcecode.cpp.cpp; path = UIMediaVideoLayer.cpp; sourceTree = "<group>"; };
		EA2C159A1B85BC5E001D9ADF /* UIMediaVideoLayer.h */ = {isa = PBXFileReference; fileEncoding = 4; lastKnownFileType = sourcecode.c.h; path = UIMediaVideoLayer.h; sourceTree = "<group>"; };
		EA2C15A11B85C858001D9ADF /* CrashHelper.cpp */ = {isa = PBXFileReference; fileEncoding = 4; lastKnownFileType = sourcecode.cpp.cpp; path = CrashHelper.cpp; sourceTree = "<group>"; };
		EA2C15A21B85C858001D9ADF /* CrashHelper.h */ = {isa = PBXFileReference; fileEncoding = 4; lastKnownFileType = sourcecode.c.h; path = CrashHelper.h; sourceTree = "<group>"; };
		EA2C15A41B85C858001D9ADF /* CatchCrash.h */ = {isa = PBXFileReference; fileEncoding = 4; lastKnownFileType = sourcecode.c.h; path = CatchCrash.h; sourceTree = "<group>"; };
		EA2C15A51B85C858001D9ADF /* CatchCrash.m */ = {isa = PBXFileReference; fileEncoding = 4; lastKnownFileType = sourcecode.c.objc; path = CatchCrash.m; sourceTree = "<group>"; };
		EA2C15A61B85C858001D9ADF /* CrashHelper.mm */ = {isa = PBXFileReference; fileEncoding = 4; lastKnownFileType = sourcecode.cpp.objcpp; path = CrashHelper.mm; sourceTree = "<group>"; };
		EA44C31C1B83105200B94A5A /* UIInfoManage.cpp */ = {isa = PBXFileReference; fileEncoding = 4; lastKnownFileType = sourcecode.cpp.cpp; path = UIInfoManage.cpp; sourceTree = "<group>"; };
		EA44C31D1B83105200B94A5A /* UIInfoManage.h */ = {isa = PBXFileReference; fileEncoding = 4; lastKnownFileType = sourcecode.c.h; path = UIInfoManage.h; sourceTree = "<group>"; };
		EA6805111B80C655008034EE /* MetroTouchManage.cpp */ = {isa = PBXFileReference; fileEncoding = 4; lastKnownFileType = sourcecode.cpp.cpp; path = MetroTouchManage.cpp; sourceTree = "<group>"; };
		EA6805121B80C655008034EE /* MetroTouchManage.h */ = {isa = PBXFileReference; fileEncoding = 4; lastKnownFileType = sourcecode.c.h; path = MetroTouchManage.h; sourceTree = "<group>"; };
		EA7881FE1B8FFC0C009E887F /* UIIncomeMainLayer.cpp */ = {isa = PBXFileReference; fileEncoding = 4; lastKnownFileType = sourcecode.cpp.cpp; path = UIIncomeMainLayer.cpp; sourceTree = "<group>"; };
		EA7881FF1B8FFC0C009E887F /* UIIncomeMainLayer.h */ = {isa = PBXFileReference; fileEncoding = 4; lastKnownFileType = sourcecode.c.h; path = UIIncomeMainLayer.h; sourceTree = "<group>"; };
		EA7882011B8FFC4A009E887F /* UIIncomeModelLayer.cpp */ = {isa = PBXFileReference; fileEncoding = 4; lastKnownFileType = sourcecode.cpp.cpp; path = UIIncomeModelLayer.cpp; sourceTree = "<group>"; };
		EA7882021B8FFC4A009E887F /* UIIncomeModelLayer.h */ = {isa = PBXFileReference; fileEncoding = 4; lastKnownFileType = sourcecode.c.h; path = UIIncomeModelLayer.h; sourceTree = "<group>"; };
		EA7882041B8FFD1C009E887F /* UIIncomePickLayer.cpp */ = {isa = PBXFileReference; fileEncoding = 4; lastKnownFileType = sourcecode.cpp.cpp; path = UIIncomePickLayer.cpp; sourceTree = "<group>"; };
		EA7882051B8FFD1C009E887F /* UIIncomePickLayer.h */ = {isa = PBXFileReference; fileEncoding = 4; lastKnownFileType = sourcecode.c.h; path = UIIncomePickLayer.h; sourceTree = "<group>"; };
		EA7882071B8FFD2D009E887F /* UIIncomePickRegLayer.cpp */ = {isa = PBXFileReference; fileEncoding = 4; lastKnownFileType = sourcecode.cpp.cpp; path = UIIncomePickRegLayer.cpp; sourceTree = "<group>"; };
		EA7882081B8FFD2D009E887F /* UIIncomePickRegLayer.h */ = {isa = PBXFileReference; fileEncoding = 4; lastKnownFileType = sourcecode.c.h; path = UIIncomePickRegLayer.h; sourceTree = "<group>"; };
		EA78820B1B9002D9009E887F /* SingletonBase.h */ = {isa = PBXFileReference; fileEncoding = 4; lastKnownFileType = sourcecode.c.h; path = SingletonBase.h; sourceTree = "<group>"; };
		EA78820D1B900315009E887F /* SingletonBase.cpp */ = {isa = PBXFileReference; fileEncoding = 4; lastKnownFileType = sourcecode.cpp.cpp; path = SingletonBase.cpp; sourceTree = "<group>"; };
		EA78820F1B900403009E887F /* UmoInfo.cpp */ = {isa = PBXFileReference; fileEncoding = 4; lastKnownFileType = sourcecode.cpp.cpp; path = UmoInfo.cpp; sourceTree = "<group>"; };
		EA7882101B900403009E887F /* UmoInfo.h */ = {isa = PBXFileReference; fileEncoding = 4; lastKnownFileType = sourcecode.c.h; path = UmoInfo.h; sourceTree = "<group>"; };
		EA89002A1B86BE440022C278 /* UIBaseTopLayer.cpp */ = {isa = PBXFileReference; fileEncoding = 4; lastKnownFileType = sourcecode.cpp.cpp; path = UIBaseTopLayer.cpp; sourceTree = "<group>"; };
		EA89002B1B86BE440022C278 /* UIBaseTopLayer.h */ = {isa = PBXFileReference; fileEncoding = 4; lastKnownFileType = sourcecode.c.h; path = UIBaseTopLayer.h; sourceTree = "<group>"; };
		EA8900301B86C03A0022C278 /* UIBaseCenterLayer.cpp */ = {isa = PBXFileReference; fileEncoding = 4; lastKnownFileType = sourcecode.cpp.cpp; path = UIBaseCenterLayer.cpp; sourceTree = "<group>"; };
		EA8900311B86C03A0022C278 /* UIBaseCenterLayer.h */ = {isa = PBXFileReference; fileEncoding = 4; lastKnownFileType = sourcecode.c.h; path = UIBaseCenterLayer.h; sourceTree = "<group>"; };
		EA8900331B86C0850022C278 /* UIModelMainLayer.cpp */ = {isa = PBXFileReference; fileEncoding = 4; lastKnownFileType = sourcecode.cpp.cpp; path = UIModelMainLayer.cpp; sourceTree = "<group>"; };
		EA8900341B86C0850022C278 /* UIModelMainLayer.h */ = {isa = PBXFileReference; fileEncoding = 4; lastKnownFileType = sourcecode.c.h; path = UIModelMainLayer.h; sourceTree = "<group>"; };
		EA8900371B86C44C0022C278 /* UIPublishMainLayer.cpp */ = {isa = PBXFileReference; fileEncoding = 4; lastKnownFileType = sourcecode.cpp.cpp; path = UIPublishMainLayer.cpp; sourceTree = "<group>"; };
		EA8900381B86C44C0022C278 /* UIPublishMainLayer.h */ = {isa = PBXFileReference; fileEncoding = 4; lastKnownFileType = sourcecode.c.h; path = UIPublishMainLayer.h; sourceTree = "<group>"; };
		EA89003C1B86F9E80022C278 /* UIModelListLayer.cpp */ = {isa = PBXFileReference; fileEncoding = 4; lastKnownFileType = sourcecode.cpp.cpp; path = UIModelListLayer.cpp; sourceTree = "<group>"; };
		EA89003D1B86F9E80022C278 /* UIModelListLayer.h */ = {isa = PBXFileReference; fileEncoding = 4; lastKnownFileType = sourcecode.c.h; path = UIModelListLayer.h; sourceTree = "<group>"; };
		EA89003F1B86F9FA0022C278 /* UIModelInfoLayer.cpp */ = {isa = PBXFileReference; fileEncoding = 4; lastKnownFileType = sourcecode.cpp.cpp; path = UIModelInfoLayer.cpp; sourceTree = "<group>"; };
		EA8900401B86F9FA0022C278 /* UIModelInfoLayer.h */ = {isa = PBXFileReference; fileEncoding = 4; lastKnownFileType = sourcecode.c.h; path = UIModelInfoLayer.h; sourceTree = "<group>"; };
		EA8AD1021AEF25C3001B8E39 /* CoinsTo.cpp */ = {isa = PBXFileReference; fileEncoding = 4; lastKnownFileType = sourcecode.cpp.cpp; path = CoinsTo.cpp; sourceTree = "<group>"; };
		EA8AD1031AEF25C3001B8E39 /* CoinsTo.h */ = {isa = PBXFileReference; fileEncoding = 4; lastKnownFileType = sourcecode.c.h; path = CoinsTo.h; sourceTree = "<group>"; };
		EAA48DE11B7DBED50081DC45 /* MetroImageSprite.cpp */ = {isa = PBXFileReference; fileEncoding = 4; lastKnownFileType = sourcecode.cpp.cpp; path = MetroImageSprite.cpp; sourceTree = "<group>"; };
		EAA48DE21B7DBED50081DC45 /* MetroImageSprite.h */ = {isa = PBXFileReference; fileEncoding = 4; lastKnownFileType = sourcecode.c.h; path = MetroImageSprite.h; sourceTree = "<group>"; };
		EAA48DE61B7DC5420081DC45 /* Metro */ = {isa = PBXFileReference; lastKnownFileType = folder; path = Metro; sourceTree = "<group>"; };
		EAAA544A1B8174A200CDB595 /* MetroNullSprite.cpp */ = {isa = PBXFileReference; fileEncoding = 4; lastKnownFileType = sourcecode.cpp.cpp; path = MetroNullSprite.cpp; sourceTree = "<group>"; };
		EAAA544B1B8174A200CDB595 /* MetroNullSprite.h */ = {isa = PBXFileReference; fileEncoding = 4; lastKnownFileType = sourcecode.c.h; path = MetroNullSprite.h; sourceTree = "<group>"; };
		EAAA544F1B81B18200CDB595 /* MetroVideoSprite.cpp */ = {isa = PBXFileReference; fileEncoding = 4; lastKnownFileType = sourcecode.cpp.cpp; path = MetroVideoSprite.cpp; sourceTree = "<group>"; };
		EAAA54501B81B18200CDB595 /* MetroVideoSprite.h */ = {isa = PBXFileReference; fileEncoding = 4; lastKnownFileType = sourcecode.c.h; path = MetroVideoSprite.h; sourceTree = "<group>"; };
		EAAA54521B81B7DF00CDB595 /* MediaPlayer.framework */ = {isa = PBXFileReference; lastKnownFileType = wrapper.framework; name = MediaPlayer.framework; path = Platforms/iPhoneOS.platform/Developer/SDKs/iPhoneOS8.4.sdk/System/Library/Frameworks/MediaPlayer.framework; sourceTree = DEVELOPER_DIR; };
		EAAA54571B81CBF500CDB595 /* UIMainLayer.cpp */ = {isa = PBXFileReference; fileEncoding = 4; lastKnownFileType = sourcecode.cpp.cpp; path = UIMainLayer.cpp; sourceTree = "<group>"; };
		EAAA54581B81CBF500CDB595 /* UIMainLayer.h */ = {isa = PBXFileReference; fileEncoding = 4; lastKnownFileType = sourcecode.c.h; path = UIMainLayer.h; sourceTree = "<group>"; };
		EAAA545B1B81D90900CDB595 /* UILogin1Layer.cpp */ = {isa = PBXFileReference; fileEncoding = 4; lastKnownFileType = sourcecode.cpp.cpp; path = UILogin1Layer.cpp; sourceTree = "<group>"; };
		EAAA545C1B81D90900CDB595 /* UILogin1Layer.h */ = {isa = PBXFileReference; fileEncoding = 4; lastKnownFileType = sourcecode.c.h; path = UILogin1Layer.h; sourceTree = "<group>"; };
		EAAA545E1B81D91800CDB595 /* UIBaseLayer.cpp */ = {isa = PBXFileReference; fileEncoding = 4; lastKnownFileType = sourcecode.cpp.cpp; path = UIBaseLayer.cpp; sourceTree = "<group>"; };
		EAAA545F1B81D91800CDB595 /* UIBaseLayer.h */ = {isa = PBXFileReference; fileEncoding = 4; lastKnownFileType = sourcecode.c.h; path = UIBaseLayer.h; sourceTree = "<group>"; };
		EAAA54611B81DAFE00CDB595 /* UILogin2Layer.cpp */ = {isa = PBXFileReference; fileEncoding = 4; lastKnownFileType = sourcecode.cpp.cpp; path = UILogin2Layer.cpp; sourceTree = "<group>"; };
		EAAA54621B81DAFE00CDB595 /* UILogin2Layer.h */ = {isa = PBXFileReference; fileEncoding = 4; lastKnownFileType = sourcecode.c.h; path = UILogin2Layer.h; sourceTree = "<group>"; };
		EAAA54641B81DB0700CDB595 /* UILogin3Layer.cpp */ = {isa = PBXFileReference; fileEncoding = 4; lastKnownFileType = sourcecode.cpp.cpp; path = UILogin3Layer.cpp; sourceTree = "<group>"; };
		EAAA54651B81DB0700CDB595 /* UILogin3Layer.h */ = {isa = PBXFileReference; fileEncoding = 4; lastKnownFileType = sourcecode.c.h; path = UILogin3Layer.h; sourceTree = "<group>"; };
		EAAA54671B81DB1100CDB595 /* UILogin4Layer.cpp */ = {isa = PBXFileReference; fileEncoding = 4; lastKnownFileType = sourcecode.cpp.cpp; path = UILogin4Layer.cpp; sourceTree = "<group>"; };
		EAAA54681B81DB1100CDB595 /* UILogin4Layer.h */ = {isa = PBXFileReference; fileEncoding = 4; lastKnownFileType = sourcecode.c.h; path = UILogin4Layer.h; sourceTree = "<group>"; };
		EAACAE411B7B418C0047CA77 /* libWeChatSDK.a */ = {isa = PBXFileReference; lastKnownFileType = archive.ar; path = libWeChatSDK.a; sourceTree = "<group>"; };
		EAACAE421B7B418C0047CA77 /* WXApi.h */ = {isa = PBXFileReference; fileEncoding = 4; lastKnownFileType = sourcecode.c.h; path = WXApi.h; sourceTree = "<group>"; };
		EAACAE431B7B418C0047CA77 /* WXApiObject.h */ = {isa = PBXFileReference; fileEncoding = 4; lastKnownFileType = sourcecode.c.h; path = WXApiObject.h; sourceTree = "<group>"; };
		EAACAE451B7B41BB0047CA77 /* SystemConfiguration.framework */ = {isa = PBXFileReference; lastKnownFileType = wrapper.framework; name = SystemConfiguration.framework; path = Platforms/iPhoneOS.platform/Developer/SDKs/iPhoneOS8.4.sdk/System/Library/Frameworks/SystemConfiguration.framework; sourceTree = DEVELOPER_DIR; };
		EAACAE471B7B41C60047CA77 /* libz.dylib */ = {isa = PBXFileReference; lastKnownFileType = "compiled.mach-o.dylib"; name = libz.dylib; path = Platforms/iPhoneOS.platform/Developer/SDKs/iPhoneOS8.4.sdk/usr/lib/libz.dylib; sourceTree = DEVELOPER_DIR; };
		EAACAE491B7B41CE0047CA77 /* libsqlite3.0.dylib */ = {isa = PBXFileReference; lastKnownFileType = "compiled.mach-o.dylib"; name = libsqlite3.0.dylib; path = Platforms/iPhoneOS.platform/Developer/SDKs/iPhoneOS8.4.sdk/usr/lib/libsqlite3.0.dylib; sourceTree = DEVELOPER_DIR; };
		EAACAE4B1B7B41D60047CA77 /* libc++.dylib */ = {isa = PBXFileReference; lastKnownFileType = "compiled.mach-o.dylib"; name = "libc++.dylib"; path = "Platforms/iPhoneOS.platform/Developer/SDKs/iPhoneOS8.4.sdk/usr/lib/libc++.dylib"; sourceTree = DEVELOPER_DIR; };
		EAACAE521B7B45050047CA77 /* ShareHelper.cpp */ = {isa = PBXFileReference; fileEncoding = 4; lastKnownFileType = sourcecode.cpp.cpp; path = ShareHelper.cpp; sourceTree = "<group>"; };
		EAACAE531B7B45050047CA77 /* ShareHelper.h */ = {isa = PBXFileReference; fileEncoding = 4; lastKnownFileType = sourcecode.c.h; path = ShareHelper.h; sourceTree = "<group>"; };
		EAB4D84E1B7C404E00C1B093 /* JsonHelper.cpp */ = {isa = PBXFileReference; fileEncoding = 4; lastKnownFileType = sourcecode.cpp.cpp; path = JsonHelper.cpp; sourceTree = "<group>"; };
		EAB4D84F1B7C404E00C1B093 /* JsonHelper.h */ = {isa = PBXFileReference; fileEncoding = 4; lastKnownFileType = sourcecode.c.h; path = JsonHelper.h; sourceTree = "<group>"; };
		EAB4D8511B7C77DC00C1B093 /* logo_sinaweibo.png */ = {isa = PBXFileReference; lastKnownFileType = image.png; path = logo_sinaweibo.png; sourceTree = "<group>"; };
		EAB4D8521B7C77DC00C1B093 /* logo_wechat.png */ = {isa = PBXFileReference; lastKnownFileType = image.png; path = logo_wechat.png; sourceTree = "<group>"; };
		EAB4D8561B7C898100C1B093 /* ShareHelper.mm */ = {isa = PBXFileReference; fileEncoding = 4; lastKnownFileType = sourcecode.cpp.objcpp; path = ShareHelper.mm; sourceTree = "<group>"; };
		EAB9E2821B7CDC3C005370B7 /* CocosHelper.cpp */ = {isa = PBXFileReference; fileEncoding = 4; lastKnownFileType = sourcecode.cpp.cpp; path = CocosHelper.cpp; sourceTree = "<group>"; };
		EAB9E2831B7CDC3C005370B7 /* CocosHelper.h */ = {isa = PBXFileReference; fileEncoding = 4; lastKnownFileType = sourcecode.c.h; path = CocosHelper.h; sourceTree = "<group>"; };
		EAB9E2851B7CDD26005370B7 /* MetroMainLayer.cpp */ = {isa = PBXFileReference; fileEncoding = 4; lastKnownFileType = sourcecode.cpp.cpp; path = MetroMainLayer.cpp; sourceTree = "<group>"; };
		EAB9E2861B7CDD26005370B7 /* MetroMainLayer.h */ = {isa = PBXFileReference; fileEncoding = 4; lastKnownFileType = sourcecode.c.h; path = MetroMainLayer.h; sourceTree = "<group>"; };
		EAB9E2891B7CE65E005370B7 /* XHelper.cpp */ = {isa = PBXFileReference; fileEncoding = 4; lastKnownFileType = sourcecode.cpp.cpp; path = XHelper.cpp; sourceTree = "<group>"; };
		EAB9E28A1B7CE65E005370B7 /* XHelper.h */ = {isa = PBXFileReference; fileEncoding = 4; lastKnownFileType = sourcecode.c.h; path = XHelper.h; sourceTree = "<group>"; };
		EAB9E28C1B7CE898005370B7 /* BaseLayer.cpp */ = {isa = PBXFileReference; fileEncoding = 4; lastKnownFileType = sourcecode.cpp.cpp; path = BaseLayer.cpp; sourceTree = "<group>"; };
		EAB9E28D1B7CE898005370B7 /* BaseLayer.h */ = {isa = PBXFileReference; fileEncoding = 4; lastKnownFileType = sourcecode.c.h; path = BaseLayer.h; sourceTree = "<group>"; };
		EAB9E28F1B7CE921005370B7 /* BaseMetroSprite.cpp */ = {isa = PBXFileReference; fileEncoding = 4; lastKnownFileType = sourcecode.cpp.cpp; path = BaseMetroSprite.cpp; sourceTree = "<group>"; };
		EAB9E2901B7CE921005370B7 /* BaseMetroSprite.h */ = {isa = PBXFileReference; fileEncoding = 4; lastKnownFileType = sourcecode.c.h; path = BaseMetroSprite.h; sourceTree = "<group>"; };
		EAB9E2941B7CF74F005370B7 /* MetroTextSprite.cpp */ = {isa = PBXFileReference; fileEncoding = 4; lastKnownFileType = sourcecode.cpp.cpp; path = MetroTextSprite.cpp; sourceTree = "<group>"; };
		EAB9E2951B7CF74F005370B7 /* MetroTextSprite.h */ = {isa = PBXFileReference; fileEncoding = 4; lastKnownFileType = sourcecode.c.h; path = MetroTextSprite.h; sourceTree = "<group>"; };
		EADA70971B496B5E002878AA /* CTestDrawLayer.cpp */ = {isa = PBXFileReference; fileEncoding = 4; lastKnownFileType = sourcecode.cpp.cpp; path = CTestDrawLayer.cpp; sourceTree = "<group>"; };
		EADA70981B496B5E002878AA /* CTestDrawLayer.h */ = {isa = PBXFileReference; fileEncoding = 4; lastKnownFileType = sourcecode.c.h; path = CTestDrawLayer.h; sourceTree = "<group>"; };
/* End PBXFileReference section */

/* Begin PBXFrameworksBuildPhase section */
		1D60588F0D05DD3D006BFB54 /* Frameworks */ = {
			isa = PBXFrameworksBuildPhase;
			buildActionMask = 2147483647;
			files = (
				EAAA54531B81B7DF00CDB595 /* MediaPlayer.framework in Frameworks */,
				EAACAE4C1B7B41D60047CA77 /* libc++.dylib in Frameworks */,
				EAACAE4A1B7B41CE0047CA77 /* libsqlite3.0.dylib in Frameworks */,
				EAACAE481B7B41C60047CA77 /* libz.dylib in Frameworks */,
				EAACAE461B7B41BB0047CA77 /* SystemConfiguration.framework in Frameworks */,
				52B47A471A53D09C004E4C60 /* Security.framework in Frameworks */,
				1AC6FB30180E99EB004C840B /* libcocos2d iOS.a in Frameworks */,
				D6B0611B1803AB670077942B /* CoreMotion.framework in Frameworks */,
				1D60589F0D05DD5A006BFB54 /* Foundation.framework in Frameworks */,
				EAACAE441B7B418C0047CA77 /* libWeChatSDK.a in Frameworks */,
				1DF5F4E00D08C38300B7A737 /* UIKit.framework in Frameworks */,
				288765A50DF7441C002DB57D /* CoreGraphics.framework in Frameworks */,
				BF171245129291EC00B8313A /* OpenGLES.framework in Frameworks */,
				BF1712471292920000B8313A /* libz.dylib in Frameworks */,
				BF1C47F01293687400B63C5D /* QuartzCore.framework in Frameworks */,
				D44C620C132DFF330009C878 /* OpenAL.framework in Frameworks */,
				D44C620E132DFF430009C878 /* AVFoundation.framework in Frameworks */,
				D44C6210132DFF4E0009C878 /* AudioToolbox.framework in Frameworks */,
			);
			runOnlyForDeploymentPostprocessing = 0;
		};
		5087E75C17EB910900C73F5D /* Frameworks */ = {
			isa = PBXFrameworksBuildPhase;
			buildActionMask = 2147483647;
			files = (
				1AC6FB21180E996B004C840B /* libcocos2d Mac.a in Frameworks */,
				5087E76717EB910900C73F5D /* libz.dylib in Frameworks */,
				503AE11B17EB9C5A00D1A890 /* IOKit.framework in Frameworks */,
				5087E78B17EB975400C73F5D /* OpenGL.framework in Frameworks */,
				5087E78917EB974C00C73F5D /* AppKit.framework in Frameworks */,
				5087E76317EB910900C73F5D /* Foundation.framework in Frameworks */,
				5087E76817EB910900C73F5D /* QuartzCore.framework in Frameworks */,
				5087E76917EB910900C73F5D /* OpenAL.framework in Frameworks */,
				5087E76A17EB910900C73F5D /* AVFoundation.framework in Frameworks */,
				5087E76B17EB910900C73F5D /* AudioToolbox.framework in Frameworks */,
			);
			runOnlyForDeploymentPostprocessing = 0;
		};
/* End PBXFrameworksBuildPhase section */

/* Begin PBXGroup section */
		080E96DDFE201D6D7F000001 /* ios */ = {
			isa = PBXGroup;
			children = (
				EAACAE401B7B418C0047CA77 /* test */,
				5087E77117EB970100C73F5D /* Icons */,
				503AE0FA17EB989F00D1A890 /* AppController.h */,
				503AE0FB17EB989F00D1A890 /* AppController.mm */,
				503AE0FC17EB989F00D1A890 /* main.m */,
				503AE0FD17EB989F00D1A890 /* Prefix.pch */,
				503AE0FE17EB989F00D1A890 /* RootViewController.h */,
				503AE0FF17EB989F00D1A890 /* RootViewController.mm */,
			);
			name = ios;
			path = Classes;
			sourceTree = "<group>";
		};
		19C28FACFE9D520D11CA2CBB /* Products */ = {
			isa = PBXGroup;
			children = (
				1D6058910D05DD3D006BFB54 /* SzMjMobile iOS.app */,
				5087E76F17EB910900C73F5D /* SzMjMobile Mac.app */,
			);
			name = Products;
			sourceTree = "<group>";
		};
		1AC6FAE6180E9839004C840B /* Products */ = {
			isa = PBXGroup;
			children = (
				1AC6FAF9180E9839004C840B /* libcocos2d Mac.a */,
				1AC6FB07180E9839004C840B /* libcocos2d iOS.a */,
			);
			name = Products;
			sourceTree = "<group>";
		};
		29B97314FDCFA39411CA2CEA /* CustomTemplate */ = {
			isa = PBXGroup;
			children = (
				46880B8319C43A87006E1F66 /* Classes */,
				46880B7519C43A67006E1F66 /* Resources */,
				1AC6FAE5180E9839004C840B /* cocos2d_libs.xcodeproj */,
				29B97323FDCFA39411CA2CEA /* Frameworks */,
				080E96DDFE201D6D7F000001 /* ios */,
				503AE10617EB990700D1A890 /* mac */,
				19C28FACFE9D520D11CA2CBB /* Products */,
			);
			name = CustomTemplate;
			sourceTree = "<group>";
		};
		29B97323FDCFA39411CA2CEA /* Frameworks */ = {
			isa = PBXGroup;
			children = (
				EAAA54521B81B7DF00CDB595 /* MediaPlayer.framework */,
				EAACAE4B1B7B41D60047CA77 /* libc++.dylib */,
				EAACAE491B7B41CE0047CA77 /* libsqlite3.0.dylib */,
				EAACAE471B7B41C60047CA77 /* libz.dylib */,
				EAACAE451B7B41BB0047CA77 /* SystemConfiguration.framework */,
				52B47A461A53D09B004E4C60 /* Security.framework */,
				D6B0611A1803AB670077942B /* CoreMotion.framework */,
				503AE11A17EB9C5A00D1A890 /* IOKit.framework */,
				503AE11117EB99EE00D1A890 /* libcurl.dylib */,
				5087E78A17EB975400C73F5D /* OpenGL.framework */,
				5087E78817EB974C00C73F5D /* AppKit.framework */,
				1ACB3243164770DE00914215 /* libcurl.a */,
				BF170DB412928DE900B8313A /* libz.dylib */,
				D44C620F132DFF4E0009C878 /* AudioToolbox.framework */,
				D44C620D132DFF430009C878 /* AVFoundation.framework */,
				288765A40DF7441C002DB57D /* CoreGraphics.framework */,
				1D30AB110D05D00D00671497 /* Foundation.framework */,
				D44C620B132DFF330009C878 /* OpenAL.framework */,
				BF170DB012928DE900B8313A /* OpenGLES.framework */,
				BF1C47EA1293683800B63C5D /* QuartzCore.framework */,
				1DF5F4DF0D08C38300B7A737 /* UIKit.framework */,
			);
			name = Frameworks;
			sourceTree = "<group>";
		};
		46880B7519C43A67006E1F66 /* Resources */ = {
			isa = PBXGroup;
			children = (
				EA1F70651B84891A00669B9D /* card */,
				EAA48DE61B7DC5420081DC45 /* Metro */,
				3EACC98E19EE6D4300EB3C5E /* res */,
				521A8EA819F11F5000D177D7 /* fonts */,
				EAB4D8511B7C77DC00C1B093 /* logo_sinaweibo.png */,
				EAB4D8521B7C77DC00C1B093 /* logo_wechat.png */,
				46880B7619C43A67006E1F66 /* CloseNormal.png */,
				46880B7719C43A67006E1F66 /* CloseSelected.png */,
				46880B7A19C43A67006E1F66 /* HelloWorld.png */,
			);
			name = Resources;
			path = ../Resources;
			sourceTree = "<group>";
		};
		46880B8319C43A87006E1F66 /* Classes */ = {
			isa = PBXGroup;
			children = (
				EA2C159E1B85C858001D9ADF /* crash */,
				EA1F70221B8425AB00669B9D /* demo */,
				EAAA54561B81C7FE00CDB595 /* ui */,
				EAB9E2811B7CDC3C005370B7 /* tools */,
				EAB9E2801B7CDBC1005370B7 /* metro */,
				EAACAE4D1B7B429A0047CA77 /* OC */,
				46880B8419C43A87006E1F66 /* AppDelegate.cpp */,
				46880B8519C43A87006E1F66 /* AppDelegate.h */,
				46880B8619C43A87006E1F66 /* HelloWorldScene.cpp */,
				46880B8719C43A87006E1F66 /* HelloWorldScene.h */,
				EA8AD1021AEF25C3001B8E39 /* CoinsTo.cpp */,
				EA8AD1031AEF25C3001B8E39 /* CoinsTo.h */,
				EADA70971B496B5E002878AA /* CTestDrawLayer.cpp */,
				EADA70981B496B5E002878AA /* CTestDrawLayer.h */,
			);
			name = Classes;
			path = ../Classes;
			sourceTree = "<group>";
		};
		503AE0F517EB97AB00D1A890 /* Icons */ = {
			isa = PBXGroup;
			children = (
				503AE0F617EB97AB00D1A890 /* Icon.icns */,
				503AE0F717EB97AB00D1A890 /* Info.plist */,
			);
			name = Icons;
			path = mac;
			sourceTree = SOURCE_ROOT;
		};
		503AE10617EB990700D1A890 /* mac */ = {
			isa = PBXGroup;
			children = (
				503AE0F517EB97AB00D1A890 /* Icons */,
				503AE10317EB98FF00D1A890 /* main.cpp */,
				503AE10417EB98FF00D1A890 /* Prefix.pch */,
			);
			name = mac;
			sourceTree = "<group>";
		};
		5087E77117EB970100C73F5D /* Icons */ = {
			isa = PBXGroup;
			children = (
				521A8E6219F0C34300D177D7 /* Default-667h@2x.png */,
				521A8E6319F0C34300D177D7 /* Default-736h@3x.png */,
				5087E77217EB970100C73F5D /* Default-568h@2x.png */,
				5087E77317EB970100C73F5D /* Default.png */,
				5087E77417EB970100C73F5D /* Default@2x.png */,
				50EF62A017ECD613001EB2F8 /* Icon-29.png */,
				50EF62A117ECD613001EB2F8 /* Icon-50.png */,
				50EF629217ECD46A001EB2F8 /* Icon-40.png */,
				50EF629317ECD46A001EB2F8 /* Icon-58.png */,
				50EF629417ECD46A001EB2F8 /* Icon-80.png */,
				50EF629517ECD46A001EB2F8 /* Icon-100.png */,
				5087E77517EB970100C73F5D /* Icon-114.png */,
				5087E77617EB970100C73F5D /* Icon-120.png */,
				5087E77717EB970100C73F5D /* Icon-144.png */,
				5087E77817EB970100C73F5D /* Icon-152.png */,
				5087E77917EB970100C73F5D /* Icon-57.png */,
				5087E77A17EB970100C73F5D /* Icon-72.png */,
				5087E77B17EB970100C73F5D /* Icon-76.png */,
				5087E77C17EB970100C73F5D /* Info.plist */,
			);
			name = Icons;
			path = ios;
			sourceTree = SOURCE_ROOT;
		};
		EA1F70221B8425AB00669B9D /* demo */ = {
			isa = PBXGroup;
			children = (
			);
			path = demo;
			sourceTree = "<group>";
		};
		EA1F705B1B84781600669B9D /* media */ = {
			isa = PBXGroup;
			children = (
				EA1F705C1B84782900669B9D /* UIMediaLayer.cpp */,
				EA1F705D1B84782900669B9D /* UIMediaLayer.h */,
				EA1F705F1B84811A00669B9D /* UIMediaSelectLayer.cpp */,
				EA1F70601B84811A00669B9D /* UIMediaSelectLayer.h */,
				EA1F70621B84814900669B9D /* UIMediaSelectItemLayer.cpp */,
				EA1F70631B84814900669B9D /* UIMediaSelectItemLayer.h */,
				EA2C15991B85BC5E001D9ADF /* UIMediaVideoLayer.cpp */,
				EA2C159A1B85BC5E001D9ADF /* UIMediaVideoLayer.h */,
			);
			path = media;
			sourceTree = "<group>";
		};
		EA2C159E1B85C858001D9ADF /* crash */ = {
			isa = PBXGroup;
			children = (
				EA2C15A11B85C858001D9ADF /* CrashHelper.cpp */,
				EA2C15A21B85C858001D9ADF /* CrashHelper.h */,
				EA2C15A31B85C858001D9ADF /* iOS */,
			);
			path = crash;
			sourceTree = "<group>";
		};
		EA2C15A31B85C858001D9ADF /* iOS */ = {
			isa = PBXGroup;
			children = (
				EA2C15A41B85C858001D9ADF /* CatchCrash.h */,
				EA2C15A51B85C858001D9ADF /* CatchCrash.m */,
				EA2C15A61B85C858001D9ADF /* CrashHelper.mm */,
			);
			path = iOS;
			sourceTree = "<group>";
		};
		EA7881FD1B8FFC0C009E887F /* income */ = {
			isa = PBXGroup;
			children = (
				EA7881FE1B8FFC0C009E887F /* UIIncomeMainLayer.cpp */,
				EA7881FF1B8FFC0C009E887F /* UIIncomeMainLayer.h */,
				EA7882011B8FFC4A009E887F /* UIIncomeModelLayer.cpp */,
				EA7882021B8FFC4A009E887F /* UIIncomeModelLayer.h */,
				EA7882041B8FFD1C009E887F /* UIIncomePickLayer.cpp */,
				EA7882051B8FFD1C009E887F /* UIIncomePickLayer.h */,
				EA7882071B8FFD2D009E887F /* UIIncomePickRegLayer.cpp */,
				EA7882081B8FFD2D009E887F /* UIIncomePickRegLayer.h */,
			);
			path = income;
			sourceTree = "<group>";
		};
		EA89002F1B86BFDD0022C278 /* model */ = {
			isa = PBXGroup;
			children = (
				EA8900331B86C0850022C278 /* UIModelMainLayer.cpp */,
				EA8900341B86C0850022C278 /* UIModelMainLayer.h */,
				EA89003C1B86F9E80022C278 /* UIModelListLayer.cpp */,
				EA89003D1B86F9E80022C278 /* UIModelListLayer.h */,
				EA89003F1B86F9FA0022C278 /* UIModelInfoLayer.cpp */,
				EA8900401B86F9FA0022C278 /* UIModelInfoLayer.h */,
				9D5F9DC91B8AF97F00923A15 /* UITaskListLayer.cpp */,
				9D5F9DCA1B8AF97F00923A15 /* UITaskListLayer.h */,
				9D0FCA0A1B8C1AFA001788EE /* UITaskMetroLayer.cpp */,
				9D0FCA0B1B8C1AFA001788EE /* UITaskMetroLayer.h */,
				9D29DD681B8C3CE900F1EFEE /* TaskMetroChildManager.cpp */,
				9D29DD691B8C3CE900F1EFEE /* TaskMetroChildManager.h */,
				9D29DD6B1B8C550700F1EFEE /* TaskMetroChild.cpp */,
				9D29DD6C1B8C550700F1EFEE /* TaskMetroChild.h */,
				9DF984311B8D402000818401 /* UITaskInfoLayer.cpp */,
				9DF984321B8D402000818401 /* UITaskInfoLayer.h */,
				9DF984341B8D4D0B00818401 /* UIModelAddLayer.cpp */,
				9DF984351B8D4D0B00818401 /* UIModelAddLayer.h */,
				9DF984381B8D942D00818401 /* UISpecialInputLayer.cpp */,
				9DF984391B8D942D00818401 /* UISpecialInputLayer.h */,
				9DF9843B1B8DB9AF00818401 /* UIInput.cpp */,
				9DF9843C1B8DB9AF00818401 /* UIInput.h */,
			);
			path = model;
			sourceTree = "<group>";
		};
		EA8900361B86C4370022C278 /* publish */ = {
			isa = PBXGroup;
			children = (
				EA8900371B86C44C0022C278 /* UIPublishMainLayer.cpp */,
				EA8900381B86C44C0022C278 /* UIPublishMainLayer.h */,
			);
			path = publish;
			sourceTree = "<group>";
		};
		EAAA54561B81C7FE00CDB595 /* ui */ = {
			isa = PBXGroup;
			children = (
				EA7881FD1B8FFC0C009E887F /* income */,
				EA8900361B86C4370022C278 /* publish */,
				EA89002F1B86BFDD0022C278 /* model */,
				EA1F705B1B84781600669B9D /* media */,
				EAAA545A1B81D8F700CDB595 /* login */,
				EAAA54571B81CBF500CDB595 /* UIMainLayer.cpp */,
				EAAA54581B81CBF500CDB595 /* UIMainLayer.h */,
				EA44C31C1B83105200B94A5A /* UIInfoManage.cpp */,
				EA44C31D1B83105200B94A5A /* UIInfoManage.h */,
				EAAA545E1B81D91800CDB595 /* UIBaseLayer.cpp */,
				EAAA545F1B81D91800CDB595 /* UIBaseLayer.h */,
				EA89002A1B86BE440022C278 /* UIBaseTopLayer.cpp */,
				EA89002B1B86BE440022C278 /* UIBaseTopLayer.h */,
				EA8900301B86C03A0022C278 /* UIBaseCenterLayer.cpp */,
				EA8900311B86C03A0022C278 /* UIBaseCenterLayer.h */,
			);
			path = ui;
			sourceTree = "<group>";
		};
		EAAA545A1B81D8F700CDB595 /* login */ = {
			isa = PBXGroup;
			children = (
				EAAA545B1B81D90900CDB595 /* UILogin1Layer.cpp */,
				EAAA545C1B81D90900CDB595 /* UILogin1Layer.h */,
				EAAA54611B81DAFE00CDB595 /* UILogin2Layer.cpp */,
				EAAA54621B81DAFE00CDB595 /* UILogin2Layer.h */,
				EAAA54641B81DB0700CDB595 /* UILogin3Layer.cpp */,
				EAAA54651B81DB0700CDB595 /* UILogin3Layer.h */,
				EAAA54671B81DB1100CDB595 /* UILogin4Layer.cpp */,
				EAAA54681B81DB1100CDB595 /* UILogin4Layer.h */,
			);
			path = login;
			sourceTree = "<group>";
		};
		EAACAE401B7B418C0047CA77 /* test */ = {
			isa = PBXGroup;
			children = (
				EAACAE411B7B418C0047CA77 /* libWeChatSDK.a */,
				EAACAE421B7B418C0047CA77 /* WXApi.h */,
				EAACAE431B7B418C0047CA77 /* WXApiObject.h */,
			);
			name = test;
			path = ios/test;
			sourceTree = SOURCE_ROOT;
		};
		EAACAE4D1B7B429A0047CA77 /* OC */ = {
			isa = PBXGroup;
			children = (
				EAB4D8551B7C898100C1B093 /* iOS */,
				EAB4D84E1B7C404E00C1B093 /* JsonHelper.cpp */,
				EAB4D84F1B7C404E00C1B093 /* JsonHelper.h */,
				EAACAE521B7B45050047CA77 /* ShareHelper.cpp */,
				EAACAE531B7B45050047CA77 /* ShareHelper.h */,
			);
			path = OC;
			sourceTree = "<group>";
		};
		EAB4D8551B7C898100C1B093 /* iOS */ = {
			isa = PBXGroup;
			children = (
				EAB4D8561B7C898100C1B093 /* ShareHelper.mm */,
			);
			path = iOS;
			sourceTree = "<group>";
		};
		EAB9E2801B7CDBC1005370B7 /* metro */ = {
			isa = PBXGroup;
			children = (
				EAB9E28F1B7CE921005370B7 /* BaseMetroSprite.cpp */,
				EAB9E2901B7CE921005370B7 /* BaseMetroSprite.h */,
				EAAA544A1B8174A200CDB595 /* MetroNullSprite.cpp */,
				EAAA544B1B8174A200CDB595 /* MetroNullSprite.h */,
				EAB9E2941B7CF74F005370B7 /* MetroTextSprite.cpp */,
				EAB9E2951B7CF74F005370B7 /* MetroTextSprite.h */,
				EAA48DE11B7DBED50081DC45 /* MetroImageSprite.cpp */,
				EAA48DE21B7DBED50081DC45 /* MetroImageSprite.h */,
				EAAA544F1B81B18200CDB595 /* MetroVideoSprite.cpp */,
				EAAA54501B81B18200CDB595 /* MetroVideoSprite.h */,
				EAB9E28C1B7CE898005370B7 /* BaseLayer.cpp */,
				EAB9E28D1B7CE898005370B7 /* BaseLayer.h */,
				EAB9E2851B7CDD26005370B7 /* MetroMainLayer.cpp */,
				EAB9E2861B7CDD26005370B7 /* MetroMainLayer.h */,
				EA6805111B80C655008034EE /* MetroTouchManage.cpp */,
				EA6805121B80C655008034EE /* MetroTouchManage.h */,
				EA17FFB81B7DF13B0011179D /* MetroSpriteManage.cpp */,
				EA17FFB91B7DF13B0011179D /* MetroSpriteManage.h */,
			);
			path = metro;
			sourceTree = "<group>";
		};
		EAB9E2811B7CDC3C005370B7 /* tools */ = {
			isa = PBXGroup;
			children = (
				EAB9E2821B7CDC3C005370B7 /* CocosHelper.cpp */,
				EAB9E2831B7CDC3C005370B7 /* CocosHelper.h */,
				EAB9E2891B7CE65E005370B7 /* XHelper.cpp */,
				EAB9E28A1B7CE65E005370B7 /* XHelper.h */,
				EA78820D1B900315009E887F /* SingletonBase.cpp */,
				EA78820B1B9002D9009E887F /* SingletonBase.h */,
				EA78820F1B900403009E887F /* UmoInfo.cpp */,
				EA7882101B900403009E887F /* UmoInfo.h */,
			);
			path = tools;
			sourceTree = "<group>";
		};
/* End PBXGroup section */

/* Begin PBXNativeTarget section */
		1D6058900D05DD3D006BFB54 /* SzMjMobile iOS */ = {
			isa = PBXNativeTarget;
			buildConfigurationList = 1D6058960D05DD3E006BFB54 /* Build configuration list for PBXNativeTarget "SzMjMobile iOS" */;
			buildPhases = (
				1D60588D0D05DD3D006BFB54 /* Resources */,
				1D60588E0D05DD3D006BFB54 /* Sources */,
				1D60588F0D05DD3D006BFB54 /* Frameworks */,
			);
			buildRules = (
			);
			dependencies = (
				1AC6FB25180E99E1004C840B /* PBXTargetDependency */,
			);
			name = "SzMjMobile iOS";
			productName = iphone;
			productReference = 1D6058910D05DD3D006BFB54 /* SzMjMobile iOS.app */;
			productType = "com.apple.product-type.application";
		};
		5087E73D17EB910900C73F5D /* SzMjMobile Mac */ = {
			isa = PBXNativeTarget;
			buildConfigurationList = 5087E76C17EB910900C73F5D /* Build configuration list for PBXNativeTarget "SzMjMobile Mac" */;
			buildPhases = (
				5087E74817EB910900C73F5D /* Resources */,
				5087E75617EB910900C73F5D /* Sources */,
				5087E75C17EB910900C73F5D /* Frameworks */,
			);
			buildRules = (
			);
			dependencies = (
				1AC6FB16180E9959004C840B /* PBXTargetDependency */,
			);
			name = "SzMjMobile Mac";
			productName = iphone;
			productReference = 5087E76F17EB910900C73F5D /* SzMjMobile Mac.app */;
			productType = "com.apple.product-type.application";
		};
/* End PBXNativeTarget section */

/* Begin PBXProject section */
		29B97313FDCFA39411CA2CEA /* Project object */ = {
			isa = PBXProject;
			attributes = {
				LastUpgradeCheck = 0500;
				TargetAttributes = {
					1D6058900D05DD3D006BFB54 = {
						DevelopmentTeam = MDDB52YB8L;
					};
				};
			};
			buildConfigurationList = C01FCF4E08A954540054247B /* Build configuration list for PBXProject "SzMjMobile" */;
			compatibilityVersion = "Xcode 3.2";
			developmentRegion = English;
			hasScannedForEncodings = 1;
			knownRegions = (
				English,
				Japanese,
				French,
				German,
			);
			mainGroup = 29B97314FDCFA39411CA2CEA /* CustomTemplate */;
			projectDirPath = "";
			projectReferences = (
				{
					ProductGroup = 1AC6FAE6180E9839004C840B /* Products */;
					ProjectRef = 1AC6FAE5180E9839004C840B /* cocos2d_libs.xcodeproj */;
				},
			);
			projectRoot = "";
			targets = (
				1D6058900D05DD3D006BFB54 /* SzMjMobile iOS */,
				5087E73D17EB910900C73F5D /* SzMjMobile Mac */,
			);
		};
/* End PBXProject section */

/* Begin PBXReferenceProxy section */
		1AC6FAF9180E9839004C840B /* libcocos2d Mac.a */ = {
			isa = PBXReferenceProxy;
			fileType = archive.ar;
			path = "libcocos2d Mac.a";
			remoteRef = 1AC6FAF8180E9839004C840B /* PBXContainerItemProxy */;
			sourceTree = BUILT_PRODUCTS_DIR;
		};
		1AC6FB07180E9839004C840B /* libcocos2d iOS.a */ = {
			isa = PBXReferenceProxy;
			fileType = archive.ar;
			path = "libcocos2d iOS.a";
			remoteRef = 1AC6FB06180E9839004C840B /* PBXContainerItemProxy */;
			sourceTree = BUILT_PRODUCTS_DIR;
		};
/* End PBXReferenceProxy section */

/* Begin PBXResourcesBuildPhase section */
		1D60588D0D05DD3D006BFB54 /* Resources */ = {
			isa = PBXResourcesBuildPhase;
			buildActionMask = 2147483647;
			files = (
				5087E78117EB970100C73F5D /* Icon-120.png in Resources */,
				EA1F70661B84891A00669B9D /* card in Resources */,
				5087E78617EB970100C73F5D /* Icon-76.png in Resources */,
				5087E77F17EB970100C73F5D /* Default@2x.png in Resources */,
				50EF629917ECD46A001EB2F8 /* Icon-100.png in Resources */,
				5087E78317EB970100C73F5D /* Icon-152.png in Resources */,
				46880B8119C43A67006E1F66 /* HelloWorld.png in Resources */,
				46880B7D19C43A67006E1F66 /* CloseSelected.png in Resources */,
				5087E77D17EB970100C73F5D /* Default-568h@2x.png in Resources */,
				EAB4D8541B7C77DC00C1B093 /* logo_wechat.png in Resources */,
				5087E78517EB970100C73F5D /* Icon-72.png in Resources */,
				521A8E6519F0C34300D177D7 /* Default-736h@3x.png in Resources */,
				521A8EA919F11F5000D177D7 /* fonts in Resources */,
				50EF62A317ECD613001EB2F8 /* Icon-50.png in Resources */,
				5087E78017EB970100C73F5D /* Icon-114.png in Resources */,
				50EF62A217ECD613001EB2F8 /* Icon-29.png in Resources */,
				50EF629617ECD46A001EB2F8 /* Icon-40.png in Resources */,
				EAA48DE71B7DC5420081DC45 /* Metro in Resources */,
				5087E78217EB970100C73F5D /* Icon-144.png in Resources */,
				3EACC98F19EE6D4300EB3C5E /* res in Resources */,
				50EF629817ECD46A001EB2F8 /* Icon-80.png in Resources */,
				5087E78417EB970100C73F5D /* Icon-57.png in Resources */,
				5087E77E17EB970100C73F5D /* Default.png in Resources */,
				521A8E6419F0C34300D177D7 /* Default-667h@2x.png in Resources */,
				46880B7B19C43A67006E1F66 /* CloseNormal.png in Resources */,
				EAB4D8531B7C77DC00C1B093 /* logo_sinaweibo.png in Resources */,
				50EF629717ECD46A001EB2F8 /* Icon-58.png in Resources */,
			);
			runOnlyForDeploymentPostprocessing = 0;
		};
		5087E74817EB910900C73F5D /* Resources */ = {
			isa = PBXResourcesBuildPhase;
			buildActionMask = 2147483647;
			files = (
				46880B8219C43A67006E1F66 /* HelloWorld.png in Resources */,
				503AE0F817EB97AB00D1A890 /* Icon.icns in Resources */,
				3EACC99019EE6D4300EB3C5E /* res in Resources */,
				521A8EAA19F11F5000D177D7 /* fonts in Resources */,
				46880B7C19C43A67006E1F66 /* CloseNormal.png in Resources */,
				46880B7E19C43A67006E1F66 /* CloseSelected.png in Resources */,
			);
			runOnlyForDeploymentPostprocessing = 0;
		};
/* End PBXResourcesBuildPhase section */

/* Begin PBXSourcesBuildPhase section */
		1D60588E0D05DD3D006BFB54 /* Sources */ = {
			isa = PBXSourcesBuildPhase;
			buildActionMask = 2147483647;
			files = (
				EAB9E28B1B7CE65E005370B7 /* XHelper.cpp in Sources */,
				EA2C15A81B85C858001D9ADF /* CrashHelper.cpp in Sources */,
				9DF9843D1B8DB9AF00818401 /* UIInput.cpp in Sources */,
				EAB9E2871B7CDD26005370B7 /* MetroMainLayer.cpp in Sources */,
				EA2C15AA1B85C858001D9ADF /* CrashHelper.mm in Sources */,
				EA7882001B8FFC0C009E887F /* UIIncomeMainLayer.cpp in Sources */,
				EAAA54631B81DAFE00CDB595 /* UILogin2Layer.cpp in Sources */,
				EA89003E1B86F9E80022C278 /* UIModelListLayer.cpp in Sources */,
				EAB4D8501B7C404E00C1B093 /* JsonHelper.cpp in Sources */,
				46880B8819C43A87006E1F66 /* AppDelegate.cpp in Sources */,
				EA44C31E1B83105200B94A5A /* UIInfoManage.cpp in Sources */,
				EAA48DE31B7DBED50081DC45 /* MetroImageSprite.cpp in Sources */,
				EA1F70641B84814900669B9D /* UIMediaSelectItemLayer.cpp in Sources */,
				46880B8A19C43A87006E1F66 /* HelloWorldScene.cpp in Sources */,
				EA2C15A91B85C858001D9ADF /* CatchCrash.m in Sources */,
				EA89002C1B86BE440022C278 /* UIBaseTopLayer.cpp in Sources */,
				EA8900321B86C03A0022C278 /* UIBaseCenterLayer.cpp in Sources */,
				EA7882091B8FFD2D009E887F /* UIIncomePickRegLayer.cpp in Sources */,
				9D29DD6D1B8C550700F1EFEE /* TaskMetroChild.cpp in Sources */,
				9D29DD6A1B8C3CE900F1EFEE /* TaskMetroChildManager.cpp in Sources */,
				503AE10017EB989F00D1A890 /* AppController.mm in Sources */,
				EAACAE541B7B45050047CA77 /* ShareHelper.cpp in Sources */,
				EAB9E2961B7CF74F005370B7 /* MetroTextSprite.cpp in Sources */,
				EAAA544C1B8174A200CDB595 /* MetroNullSprite.cpp in Sources */,
				EA8900351B86C0850022C278 /* UIModelMainLayer.cpp in Sources */,
				EA8900411B86F9FA0022C278 /* UIModelInfoLayer.cpp in Sources */,
				EAAA54691B81DB1100CDB595 /* UILogin4Layer.cpp in Sources */,
				EAAA54591B81CBF500CDB595 /* UIMainLayer.cpp in Sources */,
				503AE10217EB989F00D1A890 /* RootViewController.mm in Sources */,
				EAAA54511B81B18200CDB595 /* MetroVideoSprite.cpp in Sources */,
				EA6805131B80C655008034EE /* MetroTouchManage.cpp in Sources */,
				9DF984331B8D402000818401 /* UITaskInfoLayer.cpp in Sources */,
				503AE10117EB989F00D1A890 /* main.m in Sources */,
				EA8AD1041AEF25C3001B8E39 /* CoinsTo.cpp in Sources */,
				EA7882031B8FFC4A009E887F /* UIIncomeModelLayer.cpp in Sources */,
				9D5F9DCB1B8AF97F00923A15 /* UITaskListLayer.cpp in Sources */,
				EA2C159B1B85BC5E001D9ADF /* UIMediaVideoLayer.cpp in Sources */,
				EAAA54661B81DB0700CDB595 /* UILogin3Layer.cpp in Sources */,
				EA7882111B900403009E887F /* UmoInfo.cpp in Sources */,
				EAB9E28E1B7CE898005370B7 /* BaseLayer.cpp in Sources */,
				EA8900391B86C44C0022C278 /* UIPublishMainLayer.cpp in Sources */,
				EA78820E1B900315009E887F /* SingletonBase.cpp in Sources */,
				9DF9843A1B8D942D00818401 /* UISpecialInputLayer.cpp in Sources */,
				9D0FCA0C1B8C1AFA001788EE /* UITaskMetroLayer.cpp in Sources */,
				EAB9E2911B7CE921005370B7 /* BaseMetroSprite.cpp in Sources */,
				EAB9E2841B7CDC3C005370B7 /* CocosHelper.cpp in Sources */,
				EA7882061B8FFD1C009E887F /* UIIncomePickLayer.cpp in Sources */,
				EADA70991B496B5E002878AA /* CTestDrawLayer.cpp in Sources */,
				EAAA545D1B81D90900CDB595 /* UILogin1Layer.cpp in Sources */,
				9DF984361B8D4D0B00818401 /* UIModelAddLayer.cpp in Sources */,
				EA1F705E1B84782900669B9D /* UIMediaLayer.cpp in Sources */,
				EAB4D8571B7C898100C1B093 /* ShareHelper.mm in Sources */,
				EAAA54601B81D91800CDB595 /* UIBaseLayer.cpp in Sources */,
				EA17FFBA1B7DF13B0011179D /* MetroSpriteManage.cpp in Sources */,
				EA1F70611B84811A00669B9D /* UIMediaSelectLayer.cpp in Sources */,
			);
			runOnlyForDeploymentPostprocessing = 0;
		};
		5087E75617EB910900C73F5D /* Sources */ = {
			isa = PBXSourcesBuildPhase;
			buildActionMask = 2147483647;
			files = (
				46880B8919C43A87006E1F66 /* AppDelegate.cpp in Sources */,
				503AE10517EB98FF00D1A890 /* main.cpp in Sources */,
				46880B8B19C43A87006E1F66 /* HelloWorldScene.cpp in Sources */,
			);
			runOnlyForDeploymentPostprocessing = 0;
		};
/* End PBXSourcesBuildPhase section */

/* Begin PBXTargetDependency section */
		1AC6FB16180E9959004C840B /* PBXTargetDependency */ = {
			isa = PBXTargetDependency;
			name = "cocos2dx Mac";
			targetProxy = 1AC6FB15180E9959004C840B /* PBXContainerItemProxy */;
		};
		1AC6FB25180E99E1004C840B /* PBXTargetDependency */ = {
			isa = PBXTargetDependency;
			name = "cocos2dx iOS";
			targetProxy = 1AC6FB24180E99E1004C840B /* PBXContainerItemProxy */;
		};
/* End PBXTargetDependency section */

/* Begin XCBuildConfiguration section */
		1D6058940D05DD3E006BFB54 /* Debug */ = {
			isa = XCBuildConfiguration;
			buildSettings = {
				ALWAYS_SEARCH_USER_PATHS = YES;
				CODE_SIGN_IDENTITY = "iPhone Developer";
				COMPRESS_PNG_FILES = NO;
				GCC_DYNAMIC_NO_PIC = NO;
				GCC_INLINES_ARE_PRIVATE_EXTERN = NO;
				GCC_PRECOMPILE_PREFIX_HEADER = YES;
				GCC_PREFIX_HEADER = ios/Prefix.pch;
				GCC_PREPROCESSOR_DEFINITIONS = (
					USE_FILE32API,
					CC_TARGET_OS_IPHONE,
					"COCOS2D_DEBUG=1",
					"CC_ENABLE_CHIPMUNK_INTEGRATION=1",
				);
				GCC_SYMBOLS_PRIVATE_EXTERN = NO;
				HEADER_SEARCH_PATHS = (
					"$(inherited)",
					"$(SRCROOT)/../cocos2d/cocos/platform/ios",
					"$(SRCROOT)/../cocos2d/cocos/platform/ios/Simulation",
					"$(SRCROOT)/../Classes",
				);
				INFOPLIST_FILE = ios/Info.plist;
				IPHONEOS_DEPLOYMENT_TARGET = 5.0;
				LIBRARY_SEARCH_PATHS = "$(PROJECT_DIR)/ios/test";
				OTHER_LDFLAGS = (
					"$(_COCOS_LIB_IOS_BEGIN)",
					"$(_COCOS_LIB_IOS_END)",
				);
				PROVISIONING_PROFILE = "ff1ef67c-f9a2-40d9-8992-ebc04e2cafd1";
				SDKROOT = iphoneos;
				TARGETED_DEVICE_FAMILY = "1,2";
				USER_HEADER_SEARCH_PATHS = "$(_COCOS_HEADER_IOS_BEGIN) $(_COCOS_HEADER_IOS_END)";
				VALID_ARCHS = "arm64 armv7";
			};
			name = Debug;
		};
		1D6058950D05DD3E006BFB54 /* Release */ = {
			isa = XCBuildConfiguration;
			buildSettings = {
				ALWAYS_SEARCH_USER_PATHS = YES;
				CODE_SIGN_IDENTITY = "iPhone Developer";
				COMPRESS_PNG_FILES = NO;
				GCC_INLINES_ARE_PRIVATE_EXTERN = NO;
				GCC_PRECOMPILE_PREFIX_HEADER = YES;
				GCC_PREFIX_HEADER = ios/Prefix.pch;
				GCC_PREPROCESSOR_DEFINITIONS = (
					USE_FILE32API,
					CC_TARGET_OS_IPHONE,
					"CC_ENABLE_CHIPMUNK_INTEGRATION=1",
				);
				GCC_SYMBOLS_PRIVATE_EXTERN = NO;
				HEADER_SEARCH_PATHS = (
					"$(inherited)",
					"$(SRCROOT)/../cocos2d/cocos/platform/ios",
					"$(SRCROOT)/../cocos2d/cocos/platform/ios/Simulation",
					"$(SRCROOT)/../Classes",
				);
				INFOPLIST_FILE = ios/Info.plist;
				IPHONEOS_DEPLOYMENT_TARGET = 5.0;
				LIBRARY_SEARCH_PATHS = "$(PROJECT_DIR)/ios/test";
				OTHER_LDFLAGS = (
					"$(_COCOS_LIB_IOS_BEGIN)",
					"$(_COCOS_LIB_IOS_END)",
				);
				PROVISIONING_PROFILE = "ff1ef67c-f9a2-40d9-8992-ebc04e2cafd1";
				SDKROOT = iphoneos;
				TARGETED_DEVICE_FAMILY = "1,2";
				USER_HEADER_SEARCH_PATHS = "$(_COCOS_HEADER_IOS_BEGIN) $(_COCOS_HEADER_IOS_END)";
				VALID_ARCHS = "arm64 armv7";
			};
			name = Release;
		};
		5087E76D17EB910900C73F5D /* Debug */ = {
			isa = XCBuildConfiguration;
			buildSettings = {
				ALWAYS_SEARCH_USER_PATHS = YES;
				ARCHS = "$(ARCHS_STANDARD_64_BIT)";
				CLANG_CXX_LANGUAGE_STANDARD = "c++0x";
				CLANG_CXX_LIBRARY = "libc++";
				GCC_DYNAMIC_NO_PIC = NO;
				GCC_INLINES_ARE_PRIVATE_EXTERN = NO;
				GCC_PRECOMPILE_PREFIX_HEADER = YES;
				GCC_PREFIX_HEADER = mac/Prefix.pch;
				GCC_PREPROCESSOR_DEFINITIONS = (
					USE_FILE32API,
					CC_TARGET_OS_MAC,
					"COCOS2D_DEBUG=1",
					"CC_ENABLE_CHIPMUNK_INTEGRATION=1",
				);
				GCC_SYMBOLS_PRIVATE_EXTERN = NO;
				HEADER_SEARCH_PATHS = (
					"$(inherited)",
					"$(SRCROOT)/../cocos2d/cocos/platform/mac",
					"$(SRCROOT)/../cocos2d/external/glfw3/include/mac",
				);
				INFOPLIST_FILE = mac/Info.plist;
				LIBRARY_SEARCH_PATHS = "";
				OTHER_LDFLAGS = (
					"$(_COCOS_LIB_MAC_BEGIN)",
					"$(_COCOS_LIB_MAC_END)",
				);
				USER_HEADER_SEARCH_PATHS = "$(_COCOS_HEADER_MAC_BEGIN) $(_COCOS_HEADER_MAC_END)";
			};
			name = Debug;
		};
		5087E76E17EB910900C73F5D /* Release */ = {
			isa = XCBuildConfiguration;
			buildSettings = {
				ALWAYS_SEARCH_USER_PATHS = YES;
				ARCHS = "$(ARCHS_STANDARD_64_BIT)";
				CLANG_CXX_LANGUAGE_STANDARD = "c++0x";
				CLANG_CXX_LIBRARY = "libc++";
				GCC_INLINES_ARE_PRIVATE_EXTERN = NO;
				GCC_PRECOMPILE_PREFIX_HEADER = YES;
				GCC_PREFIX_HEADER = mac/Prefix.pch;
				GCC_PREPROCESSOR_DEFINITIONS = (
					USE_FILE32API,
					CC_TARGET_OS_MAC,
					"CC_ENABLE_CHIPMUNK_INTEGRATION=1",
				);
				GCC_SYMBOLS_PRIVATE_EXTERN = NO;
				HEADER_SEARCH_PATHS = (
					"$(inherited)",
					"$(SRCROOT)/../cocos2d/cocos/platform/mac",
					"$(SRCROOT)/../cocos2d/external/glfw3/include/mac",
				);
				INFOPLIST_FILE = mac/Info.plist;
				LIBRARY_SEARCH_PATHS = "";
				OTHER_LDFLAGS = (
					"$(_COCOS_LIB_MAC_BEGIN)",
					"$(_COCOS_LIB_MAC_END)",
				);
				USER_HEADER_SEARCH_PATHS = "$(_COCOS_HEADER_MAC_BEGIN) $(_COCOS_HEADER_MAC_END)";
			};
			name = Release;
		};
		C01FCF4F08A954540054247B /* Debug */ = {
			isa = XCBuildConfiguration;
			buildSettings = {
				CLANG_CXX_LANGUAGE_STANDARD = "c++0x";
				CLANG_CXX_LIBRARY = "libc++";
				COPY_PHASE_STRIP = NO;
				GCC_OPTIMIZATION_LEVEL = 0;
				GCC_WARN_ABOUT_RETURN_TYPE = YES;
				GCC_WARN_UNUSED_VARIABLE = YES;
				HEADER_SEARCH_PATHS = (
					"$(SRCROOT)/../cocos2d",
					"$(SRCROOT)/../cocos2d/cocos",
					"$(SRCROOT)/../cocos2d/cocos/base",
					"$(SRCROOT)/../cocos2d/cocos/physics",
					"$(SRCROOT)/../cocos2d/cocos/math",
					"$(SRCROOT)/../cocos2d/cocos/2d",
					"$(SRCROOT)/../cocos2d/cocos/ui",
					"$(SRCROOT)/../cocos2d/cocos/network",
					"$(SRCROOT)/../cocos2d/cocos/audio/include",
					"$(SRCROOT)/../cocos2d/cocos/editor-support",
					"$(SRCROOT)/../cocos2d/extensions",
					"$(SRCROOT)/../cocos2d/external",
					"$(SRCROOT)/../cocos2d/external/chipmunk/include/chipmunk",
				);
				MACOSX_DEPLOYMENT_TARGET = 10.7;
				ONLY_ACTIVE_ARCH = YES;
				PRODUCT_NAME = "$(TARGET_NAME)";
				SDKROOT = macosx;
			};
			name = Debug;
		};
		C01FCF5008A954540054247B /* Release */ = {
			isa = XCBuildConfiguration;
			buildSettings = {
				CLANG_CXX_LANGUAGE_STANDARD = "c++0x";
				CLANG_CXX_LIBRARY = "libc++";
				GCC_WARN_ABOUT_RETURN_TYPE = YES;
				GCC_WARN_UNUSED_VARIABLE = YES;
				HEADER_SEARCH_PATHS = (
					"$(SRCROOT)/../cocos2d",
					"$(SRCROOT)/../cocos2d/cocos",
					"$(SRCROOT)/../cocos2d/cocos/base",
					"$(SRCROOT)/../cocos2d/cocos/physics",
					"$(SRCROOT)/../cocos2d/cocos/math",
					"$(SRCROOT)/../cocos2d/cocos/2d",
					"$(SRCROOT)/../cocos2d/cocos/ui",
					"$(SRCROOT)/../cocos2d/cocos/network",
					"$(SRCROOT)/../cocos2d/cocos/audio/include",
					"$(SRCROOT)/../cocos2d/cocos/editor-support",
					"$(SRCROOT)/../cocos2d/extensions",
					"$(SRCROOT)/../cocos2d/external",
					"$(SRCROOT)/../cocos2d/external/chipmunk/include/chipmunk",
				);
				MACOSX_DEPLOYMENT_TARGET = 10.7;
				OTHER_CFLAGS = "-DNS_BLOCK_ASSERTIONS=1";
				PRODUCT_NAME = "$(TARGET_NAME)";
				SDKROOT = macosx;
				VALIDATE_PRODUCT = YES;
			};
			name = Release;
		};
/* End XCBuildConfiguration section */

/* Begin XCConfigurationList section */
		1D6058960D05DD3E006BFB54 /* Build configuration list for PBXNativeTarget "SzMjMobile iOS" */ = {
			isa = XCConfigurationList;
			buildConfigurations = (
				1D6058940D05DD3E006BFB54 /* Debug */,
				1D6058950D05DD3E006BFB54 /* Release */,
			);
			defaultConfigurationIsVisible = 0;
			defaultConfigurationName = Debug;
		};
		5087E76C17EB910900C73F5D /* Build configuration list for PBXNativeTarget "SzMjMobile Mac" */ = {
			isa = XCConfigurationList;
			buildConfigurations = (
				5087E76D17EB910900C73F5D /* Debug */,
				5087E76E17EB910900C73F5D /* Release */,
			);
			defaultConfigurationIsVisible = 0;
			defaultConfigurationName = Debug;
		};
		C01FCF4E08A954540054247B /* Build configuration list for PBXProject "SzMjMobile" */ = {
			isa = XCConfigurationList;
			buildConfigurations = (
				C01FCF4F08A954540054247B /* Debug */,
				C01FCF5008A954540054247B /* Release */,
			);
			defaultConfigurationIsVisible = 0;
			defaultConfigurationName = Debug;
		};
/* End XCConfigurationList section */
	};
	rootObject = 29B97313FDCFA39411CA2CEA /* Project object */;
}
